// !$*UTF8*$!
{
	archiveVersion = 1;
	classes = {
	};
	objectVersion = 50;
	objects = {

/* Begin PBXBuildFile section */
		021931E1238123710076A810 /* DataController.swift in Sources */ = {isa = PBXBuildFile; fileRef = 021931DD238106400076A810 /* DataController.swift */; };
		021931E2238123710076A810 /* ListingsSource.swift in Sources */ = {isa = PBXBuildFile; fileRef = 02A6FD702268231900323C8F /* ListingsSource.swift */; };
		021931E3238123710076A810 /* SampleDataListingsSource.swift in Sources */ = {isa = PBXBuildFile; fileRef = 02A6FD732268233700323C8F /* SampleDataListingsSource.swift */; };
		021931E4238123710076A810 /* EPGMachine.swift in Sources */ = {isa = PBXBuildFile; fileRef = 02A6FCE621A0B81C00323C8F /* EPGMachine.swift */; };
		021931E5238123710076A810 /* DataDestination.swift in Sources */ = {isa = PBXBuildFile; fileRef = 02A6FCF921A13DFE00323C8F /* DataDestination.swift */; };
		021931E6238123710076A810 /* FSUAEDataDestination.swift in Sources */ = {isa = PBXBuildFile; fileRef = 02A6FCF621A13BC800323C8F /* FSUAEDataDestination.swift */; };
		021931E7238123710076A810 /* SerialPortDataDestination.swift in Sources */ = {isa = PBXBuildFile; fileRef = 0220A64B2274E8550058C20D /* SerialPortDataDestination.swift */; };
		021931E8238123710076A810 /* DataSending+AriDebugCTRL.swift in Sources */ = {isa = PBXBuildFile; fileRef = 025C0D9123714A9600489835 /* DataSending+AriDebugCTRL.swift */; };
		021931E9238123710076A810 /* CommandModes.swift in Sources */ = {isa = PBXBuildFile; fileRef = 0270E6D721A0DED7003C98EF /* CommandModes.swift */; };
		021931EA238123710076A810 /* TitleCommand.swift in Sources */ = {isa = PBXBuildFile; fileRef = 02A6FCFE21A263D300323C8F /* TitleCommand.swift */; };
		021931EB238123710076A810 /* BoxCommands.swift in Sources */ = {isa = PBXBuildFile; fileRef = 02A6FD0121A263F600323C8F /* BoxCommands.swift */; };
		021931EC238123710076A810 /* ClockCommand.swift in Sources */ = {isa = PBXBuildFile; fileRef = 02A6FD0421A2642300323C8F /* ClockCommand.swift */; };
		021931ED238123710076A810 /* DownloadCommand.swift in Sources */ = {isa = PBXBuildFile; fileRef = 0270E6D921A0DF35003C98EF /* DownloadCommand.swift */; };
		021931EE238123710076A810 /* ConfigurationCommand.swift in Sources */ = {isa = PBXBuildFile; fileRef = 02A6FD0721A264BB00323C8F /* ConfigurationCommand.swift */; };
		021931EF238123710076A810 /* ConfigDatCommand.swift in Sources */ = {isa = PBXBuildFile; fileRef = 02A6FD0D225887A800323C8F /* ConfigDatCommand.swift */; };
		021931F0238123710076A810 /* ChannelTypes.swift in Sources */ = {isa = PBXBuildFile; fileRef = 02A6FD162259875800323C8F /* ChannelTypes.swift */; };
		021931F1238123710076A810 /* ChannelsCommand.swift in Sources */ = {isa = PBXBuildFile; fileRef = 02A6FD1022596C0000323C8F /* ChannelsCommand.swift */; };
		021931F2238123710076A810 /* ProgramCommand.swift in Sources */ = {isa = PBXBuildFile; fileRef = 02A6FD13225973EA00323C8F /* ProgramCommand.swift */; };
		021931F3238123710076A810 /* ActionCommand.swift in Sources */ = {isa = PBXBuildFile; fileRef = 02193163237B90890076A810 /* ActionCommand.swift */; };
		021931F4238123710076A810 /* PromoTitleCommand.swift in Sources */ = {isa = PBXBuildFile; fileRef = 02193165237BAD310076A810 /* PromoTitleCommand.swift */; };
		021931F5238123710076A810 /* EventCommand.swift in Sources */ = {isa = PBXBuildFile; fileRef = 02193167237BAFB30076A810 /* EventCommand.swift */; };
		021931F6238123710076A810 /* UVSGEncoding.swift in Sources */ = {isa = PBXBuildFile; fileRef = 02A6FCE821A0BAB800323C8F /* UVSGEncoding.swift */; };
		021931F7238123710076A810 /* ByteTypes.swift in Sources */ = {isa = PBXBuildFile; fileRef = 02A6FD0A225850A300323C8F /* ByteTypes.swift */; };
		0270E6DE21A0E388003C98EF /* main.swift in Sources */ = {isa = PBXBuildFile; fileRef = 02A6FCDC21A0ABB900323C8F /* main.swift */; };
/* End PBXBuildFile section */

/* Begin PBXCopyFilesBuildPhase section */
		02A6FCD821A0ABB900323C8F /* CopyFiles */ = {
			isa = PBXCopyFilesBuildPhase;
			buildActionMask = 2147483647;
			dstPath = /usr/share/man/man1/;
			dstSubfolderSpec = 0;
			files = (
			);
			runOnlyForDeploymentPostprocessing = 1;
		};
/* End PBXCopyFilesBuildPhase section */

/* Begin PBXFileReference section */
		02193163237B90890076A810 /* ActionCommand.swift */ = {isa = PBXFileReference; lastKnownFileType = sourcecode.swift; path = ActionCommand.swift; sourceTree = "<group>"; };
		02193165237BAD310076A810 /* PromoTitleCommand.swift */ = {isa = PBXFileReference; lastKnownFileType = sourcecode.swift; path = PromoTitleCommand.swift; sourceTree = "<group>"; };
		02193167237BAFB30076A810 /* EventCommand.swift */ = {isa = PBXFileReference; lastKnownFileType = sourcecode.swift; path = EventCommand.swift; sourceTree = "<group>"; };
		021931DD238106400076A810 /* DataController.swift */ = {isa = PBXFileReference; lastKnownFileType = sourcecode.swift; path = DataController.swift; sourceTree = "<group>"; };
		0220A64B2274E8550058C20D /* SerialPortDataDestination.swift */ = {isa = PBXFileReference; lastKnownFileType = sourcecode.swift; path = SerialPortDataDestination.swift; sourceTree = "<group>"; };
		025C0D9123714A9600489835 /* DataSending+AriDebugCTRL.swift */ = {isa = PBXFileReference; lastKnownFileType = sourcecode.swift; path = "DataSending+AriDebugCTRL.swift"; sourceTree = "<group>"; };
		0270E6D721A0DED7003C98EF /* CommandModes.swift */ = {isa = PBXFileReference; lastKnownFileType = sourcecode.swift; path = CommandModes.swift; sourceTree = "<group>"; };
		0270E6D921A0DF35003C98EF /* DownloadCommand.swift */ = {isa = PBXFileReference; lastKnownFileType = sourcecode.swift; path = DownloadCommand.swift; sourceTree = "<group>"; };
		02A6FCDA21A0ABB900323C8F /* PrevueCLI */ = {isa = PBXFileReference; explicitFileType = "compiled.mach-o.executable"; includeInIndex = 0; path = PrevueCLI; sourceTree = BUILT_PRODUCTS_DIR; };
		02A6FCDC21A0ABB900323C8F /* main.swift */ = {isa = PBXFileReference; lastKnownFileType = sourcecode.swift; path = main.swift; sourceTree = "<group>"; };
		02A6FCE621A0B81C00323C8F /* EPGMachine.swift */ = {isa = PBXFileReference; lastKnownFileType = sourcecode.swift; path = EPGMachine.swift; sourceTree = "<group>"; };
		02A6FCE821A0BAB800323C8F /* UVSGEncoding.swift */ = {isa = PBXFileReference; lastKnownFileType = sourcecode.swift; path = UVSGEncoding.swift; sourceTree = "<group>"; };
		02A6FCF621A13BC800323C8F /* FSUAEDataDestination.swift */ = {isa = PBXFileReference; lastKnownFileType = sourcecode.swift; path = FSUAEDataDestination.swift; sourceTree = "<group>"; };
		02A6FCF921A13DFE00323C8F /* DataDestination.swift */ = {isa = PBXFileReference; lastKnownFileType = sourcecode.swift; path = DataDestination.swift; sourceTree = "<group>"; };
		02A6FCFE21A263D300323C8F /* TitleCommand.swift */ = {isa = PBXFileReference; lastKnownFileType = sourcecode.swift; path = TitleCommand.swift; sourceTree = "<group>"; };
		02A6FD0121A263F600323C8F /* BoxCommands.swift */ = {isa = PBXFileReference; lastKnownFileType = sourcecode.swift; path = BoxCommands.swift; sourceTree = "<group>"; };
		02A6FD0421A2642300323C8F /* ClockCommand.swift */ = {isa = PBXFileReference; lastKnownFileType = sourcecode.swift; path = ClockCommand.swift; sourceTree = "<group>"; };
		02A6FD0721A264BB00323C8F /* ConfigurationCommand.swift */ = {isa = PBXFileReference; lastKnownFileType = sourcecode.swift; path = ConfigurationCommand.swift; sourceTree = "<group>"; };
		02A6FD0A225850A300323C8F /* ByteTypes.swift */ = {isa = PBXFileReference; lastKnownFileType = sourcecode.swift; path = ByteTypes.swift; sourceTree = "<group>"; };
		02A6FD0D225887A800323C8F /* ConfigDatCommand.swift */ = {isa = PBXFileReference; lastKnownFileType = sourcecode.swift; path = ConfigDatCommand.swift; sourceTree = "<group>"; };
		02A6FD1022596C0000323C8F /* ChannelsCommand.swift */ = {isa = PBXFileReference; lastKnownFileType = sourcecode.swift; path = ChannelsCommand.swift; sourceTree = "<group>"; };
		02A6FD13225973EA00323C8F /* ProgramCommand.swift */ = {isa = PBXFileReference; lastKnownFileType = sourcecode.swift; path = ProgramCommand.swift; sourceTree = "<group>"; };
		02A6FD162259875800323C8F /* ChannelTypes.swift */ = {isa = PBXFileReference; lastKnownFileType = sourcecode.swift; path = ChannelTypes.swift; sourceTree = "<group>"; };
		02A6FD702268231900323C8F /* ListingsSource.swift */ = {isa = PBXFileReference; lastKnownFileType = sourcecode.swift; path = ListingsSource.swift; sourceTree = "<group>"; };
		02A6FD732268233700323C8F /* SampleDataListingsSource.swift */ = {isa = PBXFileReference; lastKnownFileType = sourcecode.swift; path = SampleDataListingsSource.swift; sourceTree = "<group>"; };
/* End PBXFileReference section */

/* Begin PBXFrameworksBuildPhase section */
		02A6FCD721A0ABB900323C8F /* Frameworks */ = {
			isa = PBXFrameworksBuildPhase;
			buildActionMask = 2147483647;
			files = (
			);
			runOnlyForDeploymentPostprocessing = 0;
		};
/* End PBXFrameworksBuildPhase section */

/* Begin PBXGroup section */
		02193161237B90620076A810 /* Data Commands */ = {
			isa = PBXGroup;
			children = (
				02A6FCFE21A263D300323C8F /* TitleCommand.swift */,
				02A6FD0121A263F600323C8F /* BoxCommands.swift */,
				02A6FD0421A2642300323C8F /* ClockCommand.swift */,
				0270E6D921A0DF35003C98EF /* DownloadCommand.swift */,
				02A6FD0721A264BB00323C8F /* ConfigurationCommand.swift */,
				02A6FD0D225887A800323C8F /* ConfigDatCommand.swift */,
				02A6FD162259875800323C8F /* ChannelTypes.swift */,
				02A6FD1022596C0000323C8F /* ChannelsCommand.swift */,
				02A6FD13225973EA00323C8F /* ProgramCommand.swift */,
			);
			path = "Data Commands";
			sourceTree = "<group>";
		};
		02193162237B90700076A810 /* Control Commands */ = {
			isa = PBXGroup;
			children = (
				02193163237B90890076A810 /* ActionCommand.swift */,
				02193165237BAD310076A810 /* PromoTitleCommand.swift */,
				02193167237BAFB30076A810 /* EventCommand.swift */,
			);
			path = "Control Commands";
			sourceTree = "<group>";
		};
		021931A5238103BB0076A810 /* Shared */ = {
			isa = PBXGroup;
			children = (
				021931DC2381063A0076A810 /* Controller */,
				02A6FD6F2268230D00323C8F /* Listings Sources */,
				02A6FCFC21A13E9E00323C8F /* Data Sending */,
				02A6FCFD21A13EBD00323C8F /* Commands */,
				021931DA238105AA0076A810 /* Types */,
			);
			path = Shared;
			sourceTree = "<group>";
		};
		021931DA238105AA0076A810 /* Types */ = {
			isa = PBXGroup;
			children = (
				02A6FCE821A0BAB800323C8F /* UVSGEncoding.swift */,
				02A6FD0A225850A300323C8F /* ByteTypes.swift */,
			);
			path = Types;
			sourceTree = "<group>";
		};
		021931DC2381063A0076A810 /* Controller */ = {
			isa = PBXGroup;
			children = (
				021931DD238106400076A810 /* DataController.swift */,
			);
			path = Controller;
			sourceTree = "<group>";
		};
		02A6FCAF21A0AA8D00323C8F = {
			isa = PBXGroup;
			children = (
				021931A5238103BB0076A810 /* Shared */,
				02A6FCDB21A0ABB900323C8F /* PrevueCLI */,
				02A6FCB921A0AA8E00323C8F /* Products */,
			);
			sourceTree = "<group>";
		};
		02A6FCB921A0AA8E00323C8F /* Products */ = {
			isa = PBXGroup;
			children = (
				02A6FCDA21A0ABB900323C8F /* PrevueCLI */,
			);
			name = Products;
			sourceTree = "<group>";
		};
		02A6FCDB21A0ABB900323C8F /* PrevueCLI */ = {
			isa = PBXGroup;
			children = (
				02A6FCDC21A0ABB900323C8F /* main.swift */,
			);
			path = PrevueCLI;
			sourceTree = "<group>";
		};
		02A6FCFC21A13E9E00323C8F /* Data Sending */ = {
			isa = PBXGroup;
			children = (
				02A6FCE621A0B81C00323C8F /* EPGMachine.swift */,
				02A6FCF921A13DFE00323C8F /* DataDestination.swift */,
				02A6FCF621A13BC800323C8F /* FSUAEDataDestination.swift */,
				0220A64B2274E8550058C20D /* SerialPortDataDestination.swift */,
				025C0D9123714A9600489835 /* DataSending+AriDebugCTRL.swift */,
			);
			path = "Data Sending";
			sourceTree = "<group>";
		};
		02A6FCFD21A13EBD00323C8F /* Commands */ = {
			isa = PBXGroup;
			children = (
				0270E6D721A0DED7003C98EF /* CommandModes.swift */,
				02193161237B90620076A810 /* Data Commands */,
				02193162237B90700076A810 /* Control Commands */,
			);
			path = Commands;
			sourceTree = "<group>";
		};
		02A6FD6F2268230D00323C8F /* Listings Sources */ = {
			isa = PBXGroup;
			children = (
				02A6FD702268231900323C8F /* ListingsSource.swift */,
				02A6FD732268233700323C8F /* SampleDataListingsSource.swift */,
			);
			path = "Listings Sources";
			sourceTree = "<group>";
		};
/* End PBXGroup section */

/* Begin PBXNativeTarget section */
		02A6FCD921A0ABB900323C8F /* PrevueCLI */ = {
			isa = PBXNativeTarget;
			buildConfigurationList = 02A6FCDE21A0ABB900323C8F /* Build configuration list for PBXNativeTarget "PrevueCLI" */;
			buildPhases = (
				02A6FCD621A0ABB900323C8F /* Sources */,
				02A6FCD721A0ABB900323C8F /* Frameworks */,
				02A6FCD821A0ABB900323C8F /* CopyFiles */,
			);
			buildRules = (
			);
			dependencies = (
			);
			name = PrevueCLI;
			productName = PrevueCLI;
			productReference = 02A6FCDA21A0ABB900323C8F /* PrevueCLI */;
			productType = "com.apple.product-type.tool";
		};
/* End PBXNativeTarget section */

/* Begin PBXProject section */
		02A6FCB021A0AA8D00323C8F /* Project object */ = {
			isa = PBXProject;
			attributes = {
				LastSwiftUpdateCheck = 1010;
				LastUpgradeCheck = 1010;
				ORGANIZATIONNAME = Vertex;
				TargetAttributes = {
					02A6FCD921A0ABB900323C8F = {
						CreatedOnToolsVersion = 10.1;
					};
				};
			};
			buildConfigurationList = 02A6FCB321A0AA8D00323C8F /* Build configuration list for PBXProject "PrevuePackage" */;
			compatibilityVersion = "Xcode 9.3";
			developmentRegion = en;
			hasScannedForEncodings = 0;
			knownRegions = (
				en,
				Base,
			);
			mainGroup = 02A6FCAF21A0AA8D00323C8F;
			productRefGroup = 02A6FCB921A0AA8E00323C8F /* Products */;
			projectDirPath = "";
			projectRoot = "";
			targets = (
				02A6FCD921A0ABB900323C8F /* PrevueCLI */,
			);
		};
/* End PBXProject section */

/* Begin PBXSourcesBuildPhase section */
		02A6FCD621A0ABB900323C8F /* Sources */ = {
			isa = PBXSourcesBuildPhase;
			buildActionMask = 2147483647;
			files = (
				021931E4238123710076A810 /* EPGMachine.swift in Sources */,
				021931F0238123710076A810 /* ChannelTypes.swift in Sources */,
				021931EB238123710076A810 /* BoxCommands.swift in Sources */,
				021931E9238123710076A810 /* CommandModes.swift in Sources */,
				021931EA238123710076A810 /* TitleCommand.swift in Sources */,
				021931F7238123710076A810 /* ByteTypes.swift in Sources */,
				021931ED238123710076A810 /* DownloadCommand.swift in Sources */,
				021931E7238123710076A810 /* SerialPortDataDestination.swift in Sources */,
				021931F3238123710076A810 /* ActionCommand.swift in Sources */,
				021931F6238123710076A810 /* UVSGEncoding.swift in Sources */,
				021931E2238123710076A810 /* ListingsSource.swift in Sources */,
				021931F4238123710076A810 /* PromoTitleCommand.swift in Sources */,
				021931E1238123710076A810 /* DataController.swift in Sources */,
				021931EC238123710076A810 /* ClockCommand.swift in Sources */,
				0270E6DE21A0E388003C98EF /* main.swift in Sources */,
				021931F5238123710076A810 /* EventCommand.swift in Sources */,
				021931E8238123710076A810 /* DataSending+AriDebugCTRL.swift in Sources */,
				021931EE238123710076A810 /* ConfigurationCommand.swift in Sources */,
				021931E6238123710076A810 /* FSUAEDataDestination.swift in Sources */,
				021931E3238123710076A810 /* SampleDataListingsSource.swift in Sources */,
				021931E5238123710076A810 /* DataDestination.swift in Sources */,
				021931F1238123710076A810 /* ChannelsCommand.swift in Sources */,
				021931F2238123710076A810 /* ProgramCommand.swift in Sources */,
				021931EF238123710076A810 /* ConfigDatCommand.swift in Sources */,
			);
			runOnlyForDeploymentPostprocessing = 0;
		};
/* End PBXSourcesBuildPhase section */

/* Begin XCBuildConfiguration section */
		02A6FCC421A0AA8E00323C8F /* Debug */ = {
			isa = XCBuildConfiguration;
			buildSettings = {
				ALWAYS_SEARCH_USER_PATHS = NO;
				CLANG_ANALYZER_NONNULL = YES;
				CLANG_ANALYZER_NUMBER_OBJECT_CONVERSION = YES_AGGRESSIVE;
				CLANG_CXX_LANGUAGE_STANDARD = "gnu++14";
				CLANG_CXX_LIBRARY = "libc++";
				CLANG_ENABLE_MODULES = YES;
				CLANG_ENABLE_OBJC_ARC = YES;
				CLANG_ENABLE_OBJC_WEAK = YES;
				CLANG_WARN_BLOCK_CAPTURE_AUTORELEASING = YES;
				CLANG_WARN_BOOL_CONVERSION = YES;
				CLANG_WARN_COMMA = YES;
				CLANG_WARN_CONSTANT_CONVERSION = YES;
				CLANG_WARN_DEPRECATED_OBJC_IMPLEMENTATIONS = YES;
				CLANG_WARN_DIRECT_OBJC_ISA_USAGE = YES_ERROR;
				CLANG_WARN_DOCUMENTATION_COMMENTS = YES;
				CLANG_WARN_EMPTY_BODY = YES;
				CLANG_WARN_ENUM_CONVERSION = YES;
				CLANG_WARN_INFINITE_RECURSION = YES;
				CLANG_WARN_INT_CONVERSION = YES;
				CLANG_WARN_NON_LITERAL_NULL_CONVERSION = YES;
				CLANG_WARN_OBJC_IMPLICIT_RETAIN_SELF = YES;
				CLANG_WARN_OBJC_LITERAL_CONVERSION = YES;
				CLANG_WARN_OBJC_ROOT_CLASS = YES_ERROR;
				CLANG_WARN_RANGE_LOOP_ANALYSIS = YES;
				CLANG_WARN_STRICT_PROTOTYPES = YES;
				CLANG_WARN_SUSPICIOUS_MOVE = YES;
				CLANG_WARN_UNGUARDED_AVAILABILITY = YES_AGGRESSIVE;
				CLANG_WARN_UNREACHABLE_CODE = YES;
				CLANG_WARN__DUPLICATE_METHOD_MATCH = YES;
				CODE_SIGN_IDENTITY = "Mac Developer";
				COPY_PHASE_STRIP = NO;
				DEBUG_INFORMATION_FORMAT = dwarf;
				ENABLE_STRICT_OBJC_MSGSEND = YES;
				ENABLE_TESTABILITY = YES;
				GCC_C_LANGUAGE_STANDARD = gnu11;
				GCC_DYNAMIC_NO_PIC = NO;
				GCC_NO_COMMON_BLOCKS = YES;
				GCC_OPTIMIZATION_LEVEL = 0;
				GCC_PREPROCESSOR_DEFINITIONS = (
					"DEBUG=1",
					"$(inherited)",
				);
				GCC_WARN_64_TO_32_BIT_CONVERSION = YES;
				GCC_WARN_ABOUT_RETURN_TYPE = YES_ERROR;
				GCC_WARN_UNDECLARED_SELECTOR = YES;
				GCC_WARN_UNINITIALIZED_AUTOS = YES_AGGRESSIVE;
				GCC_WARN_UNUSED_FUNCTION = YES;
				GCC_WARN_UNUSED_VARIABLE = YES;
				MACOSX_DEPLOYMENT_TARGET = 10.14;
				MTL_ENABLE_DEBUG_INFO = INCLUDE_SOURCE;
				MTL_FAST_MATH = YES;
				ONLY_ACTIVE_ARCH = YES;
				SDKROOT = macosx;
				SWIFT_ACTIVE_COMPILATION_CONDITIONS = DEBUG;
				SWIFT_OPTIMIZATION_LEVEL = "-Onone";
			};
			name = Debug;
		};
		02A6FCC521A0AA8E00323C8F /* Release */ = {
			isa = XCBuildConfiguration;
			buildSettings = {
				ALWAYS_SEARCH_USER_PATHS = NO;
				CLANG_ANALYZER_NONNULL = YES;
				CLANG_ANALYZER_NUMBER_OBJECT_CONVERSION = YES_AGGRESSIVE;
				CLANG_CXX_LANGUAGE_STANDARD = "gnu++14";
				CLANG_CXX_LIBRARY = "libc++";
				CLANG_ENABLE_MODULES = YES;
				CLANG_ENABLE_OBJC_ARC = YES;
				CLANG_ENABLE_OBJC_WEAK = YES;
				CLANG_WARN_BLOCK_CAPTURE_AUTORELEASING = YES;
				CLANG_WARN_BOOL_CONVERSION = YES;
				CLANG_WARN_COMMA = YES;
				CLANG_WARN_CONSTANT_CONVERSION = YES;
				CLANG_WARN_DEPRECATED_OBJC_IMPLEMENTATIONS = YES;
				CLANG_WARN_DIRECT_OBJC_ISA_USAGE = YES_ERROR;
				CLANG_WARN_DOCUMENTATION_COMMENTS = YES;
				CLANG_WARN_EMPTY_BODY = YES;
				CLANG_WARN_ENUM_CONVERSION = YES;
				CLANG_WARN_INFINITE_RECURSION = YES;
				CLANG_WARN_INT_CONVERSION = YES;
				CLANG_WARN_NON_LITERAL_NULL_CONVERSION = YES;
				CLANG_WARN_OBJC_IMPLICIT_RETAIN_SELF = YES;
				CLANG_WARN_OBJC_LITERAL_CONVERSION = YES;
				CLANG_WARN_OBJC_ROOT_CLASS = YES_ERROR;
				CLANG_WARN_RANGE_LOOP_ANALYSIS = YES;
				CLANG_WARN_STRICT_PROTOTYPES = YES;
				CLANG_WARN_SUSPICIOUS_MOVE = YES;
				CLANG_WARN_UNGUARDED_AVAILABILITY = YES_AGGRESSIVE;
				CLANG_WARN_UNREACHABLE_CODE = YES;
				CLANG_WARN__DUPLICATE_METHOD_MATCH = YES;
				CODE_SIGN_IDENTITY = "Mac Developer";
				COPY_PHASE_STRIP = NO;
				DEBUG_INFORMATION_FORMAT = "dwarf-with-dsym";
				ENABLE_NS_ASSERTIONS = NO;
				ENABLE_STRICT_OBJC_MSGSEND = YES;
				GCC_C_LANGUAGE_STANDARD = gnu11;
				GCC_NO_COMMON_BLOCKS = YES;
				GCC_WARN_64_TO_32_BIT_CONVERSION = YES;
				GCC_WARN_ABOUT_RETURN_TYPE = YES_ERROR;
				GCC_WARN_UNDECLARED_SELECTOR = YES;
				GCC_WARN_UNINITIALIZED_AUTOS = YES_AGGRESSIVE;
				GCC_WARN_UNUSED_FUNCTION = YES;
				GCC_WARN_UNUSED_VARIABLE = YES;
				MACOSX_DEPLOYMENT_TARGET = 10.14;
				MTL_ENABLE_DEBUG_INFO = NO;
				MTL_FAST_MATH = YES;
				SDKROOT = macosx;
				SWIFT_COMPILATION_MODE = wholemodule;
				SWIFT_OPTIMIZATION_LEVEL = "-O";
			};
			name = Release;
		};
		02A6FCDF21A0ABB900323C8F /* Debug */ = {
			isa = XCBuildConfiguration;
			buildSettings = {
				CODE_SIGN_IDENTITY = "-";
				CODE_SIGN_STYLE = Automatic;
				DEVELOPMENT_TEAM = "";
				PRODUCT_NAME = "$(TARGET_NAME)";
				PROVISIONING_PROFILE_SPECIFIER = "";
				SWIFT_VERSION = 4.2;
			};
			name = Debug;
		};
		02A6FCE021A0ABB900323C8F /* Release */ = {
			isa = XCBuildConfiguration;
			buildSettings = {
				CODE_SIGN_IDENTITY = "-";
				CODE_SIGN_STYLE = Automatic;
				DEVELOPMENT_TEAM = "";
				PRODUCT_NAME = "$(TARGET_NAME)";
				PROVISIONING_PROFILE_SPECIFIER = "";
				SWIFT_VERSION = 4.2;
			};
			name = Release;
		};
/* End XCBuildConfiguration section */

/* Begin XCConfigurationList section */
		02A6FCB321A0AA8D00323C8F /* Build configuration list for PBXProject "PrevuePackage" */ = {
			isa = XCConfigurationList;
			buildConfigurations = (
				02A6FCC421A0AA8E00323C8F /* Debug */,
				02A6FCC521A0AA8E00323C8F /* Release */,
			);
			defaultConfigurationIsVisible = 0;
			defaultConfigurationName = Release;
		};
		02A6FCDE21A0ABB900323C8F /* Build configuration list for PBXNativeTarget "PrevueCLI" */ = {
			isa = XCConfigurationList;
			buildConfigurations = (
				02A6FCDF21A0ABB900323C8F /* Debug */,
				02A6FCE021A0ABB900323C8F /* Release */,
			);
			defaultConfigurationIsVisible = 0;
			defaultConfigurationName = Release;
		};
/* End XCConfigurationList section */
	};
	rootObject = 02A6FCB021A0AA8D00323C8F /* Project object */;
}
