// !$*UTF8*$!
{
	archiveVersion = 1;
	classes = {
	};
	objectVersion = 50;
	objects = {

/* Begin PBXBuildFile section */
		020C6629250DB69600AACAAB /* XMLTV.swift in Sources */ = {isa = PBXBuildFile; fileRef = 020C6628250DB69600AACAAB /* XMLTV.swift */; };
		020C662A250DB69600AACAAB /* XMLTV.swift in Sources */ = {isa = PBXBuildFile; fileRef = 020C6628250DB69600AACAAB /* XMLTV.swift */; };
		020C6630250DB77B00AACAAB /* CurdayDat+Listings.swift in Sources */ = {isa = PBXBuildFile; fileRef = 020C662F250DB77B00AACAAB /* CurdayDat+Listings.swift */; };
		020C6631250DB77B00AACAAB /* CurdayDat+Listings.swift in Sources */ = {isa = PBXBuildFile; fileRef = 020C662F250DB77B00AACAAB /* CurdayDat+Listings.swift */; };
		02173F84250EE8550078C83B /* Timeslot.swift in Sources */ = {isa = PBXBuildFile; fileRef = 02173F83250EE8550078C83B /* Timeslot.swift */; };
		02173F85250EE8550078C83B /* Timeslot.swift in Sources */ = {isa = PBXBuildFile; fileRef = 02173F83250EE8550078C83B /* Timeslot.swift */; };
		021931F7238123710076A810 /* ByteConvenience.swift in Sources */ = {isa = PBXBuildFile; fileRef = 02A6FD0A225850A300323C8F /* ByteConvenience.swift */; };
		02193F5E2454B2360093D586 /* Mark.swift in Sources */ = {isa = PBXBuildFile; fileRef = 02193F412454B2060093D586 /* Mark.swift */; };
		02193F5F2454B2360093D586 /* Decoder.swift in Sources */ = {isa = PBXBuildFile; fileRef = 02193F422454B2060093D586 /* Decoder.swift */; };
		02193F602454B2360093D586 /* Constructor.swift in Sources */ = {isa = PBXBuildFile; fileRef = 02193F432454B2060093D586 /* Constructor.swift */; };
		02193F612454B2360093D586 /* Resolver.swift in Sources */ = {isa = PBXBuildFile; fileRef = 02193F442454B2060093D586 /* Resolver.swift */; };
		02193F622454B2360093D586 /* Encoder.swift in Sources */ = {isa = PBXBuildFile; fileRef = 02193F452454B2060093D586 /* Encoder.swift */; };
		02193F632454B2360093D586 /* Node.Mapping.swift in Sources */ = {isa = PBXBuildFile; fileRef = 02193F462454B2060093D586 /* Node.Mapping.swift */; };
		02193F642454B2360093D586 /* String+Yams.swift in Sources */ = {isa = PBXBuildFile; fileRef = 02193F472454B2060093D586 /* String+Yams.swift */; };
		02193F652454B2360093D586 /* Node.Sequence.swift in Sources */ = {isa = PBXBuildFile; fileRef = 02193F482454B2060093D586 /* Node.Sequence.swift */; };
		02193F672454B2360093D586 /* Parser.swift in Sources */ = {isa = PBXBuildFile; fileRef = 02193F4A2454B2060093D586 /* Parser.swift */; };
		02193F682454B2360093D586 /* Node.Scalar.swift in Sources */ = {isa = PBXBuildFile; fileRef = 02193F4B2454B2060093D586 /* Node.Scalar.swift */; };
		02193F692454B2360093D586 /* Tag.swift in Sources */ = {isa = PBXBuildFile; fileRef = 02193F4D2454B2060093D586 /* Tag.swift */; };
		02193F6A2454B2360093D586 /* YamlError.swift in Sources */ = {isa = PBXBuildFile; fileRef = 02193F4E2454B2060093D586 /* YamlError.swift */; };
		02193F6B2454B2360093D586 /* Emitter.swift in Sources */ = {isa = PBXBuildFile; fileRef = 02193F4F2454B2060093D586 /* Emitter.swift */; };
		02193F6C2454B2360093D586 /* Node.swift in Sources */ = {isa = PBXBuildFile; fileRef = 02193F502454B2060093D586 /* Node.swift */; };
		02193F6D2454B2360093D586 /* Representer.swift in Sources */ = {isa = PBXBuildFile; fileRef = 02193F512454B2060093D586 /* Representer.swift */; };
		02193F722454B2E50093D586 /* UVSGSerialData.c in Sources */ = {isa = PBXBuildFile; fileRef = 02193F6F2454B2DC0093D586 /* UVSGSerialData.c */; };
		02193F732454B2F70093D586 /* scanner.c in Sources */ = {isa = PBXBuildFile; fileRef = 02193F572454B2060093D586 /* scanner.c */; };
		02193F742454B2F70093D586 /* api.c in Sources */ = {isa = PBXBuildFile; fileRef = 02193F592454B2060093D586 /* api.c */; };
		02193F752454B2F70093D586 /* writer.c in Sources */ = {isa = PBXBuildFile; fileRef = 02193F5A2454B2060093D586 /* writer.c */; };
		02193F762454B2F70093D586 /* reader.c in Sources */ = {isa = PBXBuildFile; fileRef = 02193F5B2454B2060093D586 /* reader.c */; };
		02193F772454B2F70093D586 /* emitter.c in Sources */ = {isa = PBXBuildFile; fileRef = 02193F5C2454B2060093D586 /* emitter.c */; };
		02193F782454B2F70093D586 /* parser.c in Sources */ = {isa = PBXBuildFile; fileRef = 02193F5D2454B2060093D586 /* parser.c */; };
		02193F7C2459069F0093D586 /* CLI.swift in Sources */ = {isa = PBXBuildFile; fileRef = 02193F7B2459069F0093D586 /* CLI.swift */; };
		02273BE625849B520026391F /* SendBrushes.swift in Sources */ = {isa = PBXBuildFile; fileRef = 02273BE525849B520026391F /* SendBrushes.swift */; };
		02273BEE2585DA730026391F /* INIFile.swift in Sources */ = {isa = PBXBuildFile; fileRef = 02273BED2585DA730026391F /* INIFile.swift */; };
		024CE95E25AACD6400C88001 /* SerialInterface.swift in Sources */ = {isa = PBXBuildFile; fileRef = 024CE95D25AACD6400C88001 /* SerialInterface.swift */; };
		024CE95F25AACD6400C88001 /* SerialInterface.swift in Sources */ = {isa = PBXBuildFile; fileRef = 024CE95D25AACD6400C88001 /* SerialInterface.swift */; };
		025F523E270024D70087E328 /* ScrollCommand.swift in Sources */ = {isa = PBXBuildFile; fileRef = 025F523D270024D70087E328 /* ScrollCommand.swift */; };
		02678B4F250C073C005D1114 /* pplib.c in Sources */ = {isa = PBXBuildFile; fileRef = 02678B4C250C073B005D1114 /* pplib.c */; };
		02678B50250C073C005D1114 /* pplib.c in Sources */ = {isa = PBXBuildFile; fileRef = 02678B4C250C073B005D1114 /* pplib.c */; };
		02678B52250C65A4005D1114 /* PowerPacker.swift in Sources */ = {isa = PBXBuildFile; fileRef = 02678B51250C65A4005D1114 /* PowerPacker.swift */; };
		02678B53250C65A4005D1114 /* PowerPacker.swift in Sources */ = {isa = PBXBuildFile; fileRef = 02678B51250C65A4005D1114 /* PowerPacker.swift */; };
		02678B55250D6A1B005D1114 /* SpecialCharacterString.swift in Sources */ = {isa = PBXBuildFile; fileRef = 02678B54250D6A1B005D1114 /* SpecialCharacterString.swift */; };
		02678B56250D6A1B005D1114 /* SpecialCharacterString.swift in Sources */ = {isa = PBXBuildFile; fileRef = 02678B54250D6A1B005D1114 /* SpecialCharacterString.swift */; };
		0270E6DE21A0E388003C98EF /* main.swift in Sources */ = {isa = PBXBuildFile; fileRef = 02A6FCDC21A0ABB900323C8F /* main.swift */; };
		027B7C352511F34A0092EE7E /* Listings+CSVCodable.swift in Sources */ = {isa = PBXBuildFile; fileRef = 02C71C1A250B08D800550746 /* Listings+CSVCodable.swift */; };
		027B7C362511F3770092EE7E /* AtariListingsFiltering.swift in Sources */ = {isa = PBXBuildFile; fileRef = 02C71C1C250B376200550746 /* AtariListingsFiltering.swift */; };
		027B7C3B251FD3E60092EE7E /* Bit.swift in Sources */ = {isa = PBXBuildFile; fileRef = 027B7C3A251FD3E60092EE7E /* Bit.swift */; };
		027B7C3C251FD3E90092EE7E /* Bit.swift in Sources */ = {isa = PBXBuildFile; fileRef = 027B7C3A251FD3E60092EE7E /* Bit.swift */; };
		027B7C3E252007260092EE7E /* DSTCommand.swift in Sources */ = {isa = PBXBuildFile; fileRef = 027B7C3D252007260092EE7E /* DSTCommand.swift */; };
		027B7C3F252007260092EE7E /* DSTCommand.swift in Sources */ = {isa = PBXBuildFile; fileRef = 027B7C3D252007260092EE7E /* DSTCommand.swift */; };
		0295611E250DE31900D69952 /* XMLTV+Parsing.swift in Sources */ = {isa = PBXBuildFile; fileRef = 0295611D250DE31900D69952 /* XMLTV+Parsing.swift */; };
		0295611F250DE31900D69952 /* XMLTV+Parsing.swift in Sources */ = {isa = PBXBuildFile; fileRef = 0295611D250DE31900D69952 /* XMLTV+Parsing.swift */; };
		02956121250DEC3000D69952 /* XMLTV+Listings.swift in Sources */ = {isa = PBXBuildFile; fileRef = 02956120250DEC3000D69952 /* XMLTV+Listings.swift */; };
		02956122250DEC3000D69952 /* XMLTV+Listings.swift in Sources */ = {isa = PBXBuildFile; fileRef = 02956120250DEC3000D69952 /* XMLTV+Listings.swift */; };
		029BA0DC254D2B7000F3EF2E /* String+Latin1.swift in Sources */ = {isa = PBXBuildFile; fileRef = 029BA0DB254D2B7000F3EF2E /* String+Latin1.swift */; };
		029BA0E0254D3CFB00F3EF2E /* SpecialCharacter.swift in Sources */ = {isa = PBXBuildFile; fileRef = 029BA0DF254D3CFB00F3EF2E /* SpecialCharacter.swift */; };
		02B1939824A71B2B00041C8B /* CSVError.swift in Sources */ = {isa = PBXBuildFile; fileRef = 02B1939024A71B2100041C8B /* CSVError.swift */; };
		02B1939B24A71B2B00041C8B /* Legacy.swift in Sources */ = {isa = PBXBuildFile; fileRef = 02B1939324A71B2100041C8B /* Legacy.swift */; };
		02B1939C24A71B2B00041C8B /* UnicodeIterator.swift in Sources */ = {isa = PBXBuildFile; fileRef = 02B1939424A71B2100041C8B /* UnicodeIterator.swift */; };
		02B1939D24A71B2B00041C8B /* Endian.swift in Sources */ = {isa = PBXBuildFile; fileRef = 02B1939524A71B2100041C8B /* Endian.swift */; };
		02B1939E24A71B2B00041C8B /* CSVRowDecoder.swift in Sources */ = {isa = PBXBuildFile; fileRef = 02B1939624A71B2100041C8B /* CSVRowDecoder.swift */; };
		02B1939F24A71B2B00041C8B /* CSVReader.swift in Sources */ = {isa = PBXBuildFile; fileRef = 02B1939724A71B2100041C8B /* CSVReader.swift */; };
		02B193A024A71B4C00041C8B /* BinaryReader.swift in Sources */ = {isa = PBXBuildFile; fileRef = 02B1939224A71B2100041C8B /* BinaryReader.swift */; };
		02B193D024B12D0C00041C8B /* BinaryCodable.swift in Sources */ = {isa = PBXBuildFile; fileRef = 02B193CC24B12D0C00041C8B /* BinaryCodable.swift */; };
		02B193D124B12D0C00041C8B /* BinaryCodableExtensions.swift in Sources */ = {isa = PBXBuildFile; fileRef = 02B193CD24B12D0C00041C8B /* BinaryCodableExtensions.swift */; };
		02B193D224B12D0C00041C8B /* BinaryEncoder.swift in Sources */ = {isa = PBXBuildFile; fileRef = 02B193CE24B12D0C00041C8B /* BinaryEncoder.swift */; };
		02B193D324B12D0C00041C8B /* BinaryDecoder.swift in Sources */ = {isa = PBXBuildFile; fileRef = 02B193CF24B12D0C00041C8B /* BinaryDecoder.swift */; };
		02B193D524B1393200041C8B /* BinaryCodableEnum.swift in Sources */ = {isa = PBXBuildFile; fileRef = 02B193D424B1393200041C8B /* BinaryCodableEnum.swift */; };
		02B193D824B960B400041C8B /* CommandModes.swift in Sources */ = {isa = PBXBuildFile; fileRef = 0270E6D721A0DED7003C98EF /* CommandModes.swift */; };
		02B193D924B9645900041C8B /* Command.swift in Sources */ = {isa = PBXBuildFile; fileRef = 02A6FCE821A0BAB800323C8F /* Command.swift */; };
		02B193DA24B9937D00041C8B /* PrevueCommandFile.swift in Sources */ = {isa = PBXBuildFile; fileRef = 026A9413245E31180057E012 /* PrevueCommandFile.swift */; };
		02B193DC24B997B700041C8B /* BoxCommands.swift in Sources */ = {isa = PBXBuildFile; fileRef = 02A6FD0121A263F600323C8F /* BoxCommands.swift */; };
		02B1BCCD24DE63F400ACF1D7 /* CommandEncodingTests.swift in Sources */ = {isa = PBXBuildFile; fileRef = 02B1BCCC24DE63F400ACF1D7 /* CommandEncodingTests.swift */; };
		02B1BCD224DE646000ACF1D7 /* UVSGSerialData.c in Sources */ = {isa = PBXBuildFile; fileRef = 02193F6F2454B2DC0093D586 /* UVSGSerialData.c */; };
		02B1BCD324DE646500ACF1D7 /* BinaryCodable.swift in Sources */ = {isa = PBXBuildFile; fileRef = 02B193CC24B12D0C00041C8B /* BinaryCodable.swift */; };
		02B1BCD424DE646500ACF1D7 /* BinaryCodableExtensions.swift in Sources */ = {isa = PBXBuildFile; fileRef = 02B193CD24B12D0C00041C8B /* BinaryCodableExtensions.swift */; };
		02B1BCD524DE646500ACF1D7 /* BinaryDecoder.swift in Sources */ = {isa = PBXBuildFile; fileRef = 02B193CF24B12D0C00041C8B /* BinaryDecoder.swift */; };
		02B1BCD624DE646500ACF1D7 /* BinaryEncoder.swift in Sources */ = {isa = PBXBuildFile; fileRef = 02B193CE24B12D0C00041C8B /* BinaryEncoder.swift */; };
		02B1BCD724DE646900ACF1D7 /* CSVError.swift in Sources */ = {isa = PBXBuildFile; fileRef = 02B1939024A71B2100041C8B /* CSVError.swift */; };
		02B1BCD824DE646900ACF1D7 /* BinaryReader.swift in Sources */ = {isa = PBXBuildFile; fileRef = 02B1939224A71B2100041C8B /* BinaryReader.swift */; };
		02B1BCD924DE646900ACF1D7 /* Legacy.swift in Sources */ = {isa = PBXBuildFile; fileRef = 02B1939324A71B2100041C8B /* Legacy.swift */; };
		02B1BCDA24DE646900ACF1D7 /* UnicodeIterator.swift in Sources */ = {isa = PBXBuildFile; fileRef = 02B1939424A71B2100041C8B /* UnicodeIterator.swift */; };
		02B1BCDB24DE646900ACF1D7 /* Endian.swift in Sources */ = {isa = PBXBuildFile; fileRef = 02B1939524A71B2100041C8B /* Endian.swift */; };
		02B1BCDC24DE646900ACF1D7 /* CSVRowDecoder.swift in Sources */ = {isa = PBXBuildFile; fileRef = 02B1939624A71B2100041C8B /* CSVRowDecoder.swift */; };
		02B1BCDD24DE646900ACF1D7 /* CSVReader.swift in Sources */ = {isa = PBXBuildFile; fileRef = 02B1939724A71B2100041C8B /* CSVReader.swift */; };
		02B1BCDE24DE647300ACF1D7 /* scanner.c in Sources */ = {isa = PBXBuildFile; fileRef = 02193F572454B2060093D586 /* scanner.c */; };
		02B1BCDF24DE647300ACF1D7 /* api.c in Sources */ = {isa = PBXBuildFile; fileRef = 02193F592454B2060093D586 /* api.c */; };
		02B1BCE024DE647300ACF1D7 /* writer.c in Sources */ = {isa = PBXBuildFile; fileRef = 02193F5A2454B2060093D586 /* writer.c */; };
		02B1BCE124DE647300ACF1D7 /* reader.c in Sources */ = {isa = PBXBuildFile; fileRef = 02193F5B2454B2060093D586 /* reader.c */; };
		02B1BCE224DE647300ACF1D7 /* emitter.c in Sources */ = {isa = PBXBuildFile; fileRef = 02193F5C2454B2060093D586 /* emitter.c */; };
		02B1BCE324DE647300ACF1D7 /* parser.c in Sources */ = {isa = PBXBuildFile; fileRef = 02193F5D2454B2060093D586 /* parser.c */; };
		02B1BCE424DE647700ACF1D7 /* Mark.swift in Sources */ = {isa = PBXBuildFile; fileRef = 02193F412454B2060093D586 /* Mark.swift */; };
		02B1BCE524DE647700ACF1D7 /* Decoder.swift in Sources */ = {isa = PBXBuildFile; fileRef = 02193F422454B2060093D586 /* Decoder.swift */; };
		02B1BCE624DE647700ACF1D7 /* Constructor.swift in Sources */ = {isa = PBXBuildFile; fileRef = 02193F432454B2060093D586 /* Constructor.swift */; };
		02B1BCE724DE647700ACF1D7 /* Resolver.swift in Sources */ = {isa = PBXBuildFile; fileRef = 02193F442454B2060093D586 /* Resolver.swift */; };
		02B1BCE824DE647700ACF1D7 /* Encoder.swift in Sources */ = {isa = PBXBuildFile; fileRef = 02193F452454B2060093D586 /* Encoder.swift */; };
		02B1BCE924DE647700ACF1D7 /* Node.Mapping.swift in Sources */ = {isa = PBXBuildFile; fileRef = 02193F462454B2060093D586 /* Node.Mapping.swift */; };
		02B1BCEA24DE647700ACF1D7 /* String+Yams.swift in Sources */ = {isa = PBXBuildFile; fileRef = 02193F472454B2060093D586 /* String+Yams.swift */; };
		02B1BCEB24DE647700ACF1D7 /* Node.Sequence.swift in Sources */ = {isa = PBXBuildFile; fileRef = 02193F482454B2060093D586 /* Node.Sequence.swift */; };
		02B1BCEC24DE647700ACF1D7 /* Parser.swift in Sources */ = {isa = PBXBuildFile; fileRef = 02193F4A2454B2060093D586 /* Parser.swift */; };
		02B1BCED24DE647700ACF1D7 /* Node.Scalar.swift in Sources */ = {isa = PBXBuildFile; fileRef = 02193F4B2454B2060093D586 /* Node.Scalar.swift */; };
		02B1BCEE24DE647700ACF1D7 /* Tag.swift in Sources */ = {isa = PBXBuildFile; fileRef = 02193F4D2454B2060093D586 /* Tag.swift */; };
		02B1BCEF24DE647700ACF1D7 /* YamlError.swift in Sources */ = {isa = PBXBuildFile; fileRef = 02193F4E2454B2060093D586 /* YamlError.swift */; };
		02B1BCF024DE647700ACF1D7 /* Emitter.swift in Sources */ = {isa = PBXBuildFile; fileRef = 02193F4F2454B2060093D586 /* Emitter.swift */; };
		02B1BCF124DE647700ACF1D7 /* Node.swift in Sources */ = {isa = PBXBuildFile; fileRef = 02193F502454B2060093D586 /* Node.swift */; };
		02B1BCF224DE647700ACF1D7 /* Representer.swift in Sources */ = {isa = PBXBuildFile; fileRef = 02193F512454B2060093D586 /* Representer.swift */; };
		02B1BCF324DE64A000ACF1D7 /* ByteConvenience.swift in Sources */ = {isa = PBXBuildFile; fileRef = 02A6FD0A225850A300323C8F /* ByteConvenience.swift */; };
		02B1BCF424DE652900ACF1D7 /* BinaryCodableEnum.swift in Sources */ = {isa = PBXBuildFile; fileRef = 02B193D424B1393200041C8B /* BinaryCodableEnum.swift */; };
		02B1BCF524DE652F00ACF1D7 /* Command.swift in Sources */ = {isa = PBXBuildFile; fileRef = 02A6FCE821A0BAB800323C8F /* Command.swift */; };
		02B1BCF624DE653400ACF1D7 /* PrevueCommandFile.swift in Sources */ = {isa = PBXBuildFile; fileRef = 026A9413245E31180057E012 /* PrevueCommandFile.swift */; };
		02B1BCF724DE654100ACF1D7 /* BoxCommands.swift in Sources */ = {isa = PBXBuildFile; fileRef = 02A6FD0121A263F600323C8F /* BoxCommands.swift */; };
		02B1BCF824DE654500ACF1D7 /* CommandModes.swift in Sources */ = {isa = PBXBuildFile; fileRef = 0270E6D721A0DED7003C98EF /* CommandModes.swift */; };
		02B1BCF924DE654A00ACF1D7 /* CLI.swift in Sources */ = {isa = PBXBuildFile; fileRef = 02193F7B2459069F0093D586 /* CLI.swift */; };
		02B1BCFB24DE7B4100ACF1D7 /* SerializedCommand.swift in Sources */ = {isa = PBXBuildFile; fileRef = 02B1BCFA24DE7B4100ACF1D7 /* SerializedCommand.swift */; };
		02B1BCFC24DE7B7E00ACF1D7 /* SerializedCommand.swift in Sources */ = {isa = PBXBuildFile; fileRef = 02B1BCFA24DE7B4100ACF1D7 /* SerializedCommand.swift */; };
		02B1BD0124E274A600ACF1D7 /* TitleCommand.swift in Sources */ = {isa = PBXBuildFile; fileRef = 02A6FCFE21A263D300323C8F /* TitleCommand.swift */; };
		02B1BD0224E274A600ACF1D7 /* TitleCommand.swift in Sources */ = {isa = PBXBuildFile; fileRef = 02A6FCFE21A263D300323C8F /* TitleCommand.swift */; };
		02B1BD0824E8735A00ACF1D7 /* CodingPathIntrospectable.swift in Sources */ = {isa = PBXBuildFile; fileRef = 02B1BD0724E8735A00ACF1D7 /* CodingPathIntrospectable.swift */; };
		02B1BD0924E8735D00ACF1D7 /* CodingPathIntrospectable.swift in Sources */ = {isa = PBXBuildFile; fileRef = 02B1BD0724E8735A00ACF1D7 /* CodingPathIntrospectable.swift */; };
		02B1BD0A24E8828C00ACF1D7 /* DownloadCommand.swift in Sources */ = {isa = PBXBuildFile; fileRef = 0270E6D921A0DF35003C98EF /* DownloadCommand.swift */; };
		02B1BD0B24E8828C00ACF1D7 /* DownloadCommand.swift in Sources */ = {isa = PBXBuildFile; fileRef = 0270E6D921A0DF35003C98EF /* DownloadCommand.swift */; };
		02B1BD0C24F1FD4400ACF1D7 /* ClockCommand.swift in Sources */ = {isa = PBXBuildFile; fileRef = 02A6FD0421A2642300323C8F /* ClockCommand.swift */; };
		02B1BD0D24F1FD4500ACF1D7 /* ClockCommand.swift in Sources */ = {isa = PBXBuildFile; fileRef = 02A6FD0421A2642300323C8F /* ClockCommand.swift */; };
		02B1BD0E24F1FFF500ACF1D7 /* TulsaTime.swift in Sources */ = {isa = PBXBuildFile; fileRef = 02B193A324AEFBF200041C8B /* TulsaTime.swift */; };
		02B1BD0F24F1FFF600ACF1D7 /* TulsaTime.swift in Sources */ = {isa = PBXBuildFile; fileRef = 02B193A324AEFBF200041C8B /* TulsaTime.swift */; };
		02B1BD1024F6382600ACF1D7 /* Listings.swift in Sources */ = {isa = PBXBuildFile; fileRef = 02A6FD162259875800323C8F /* Listings.swift */; };
		02B1BD1124F6382700ACF1D7 /* Listings.swift in Sources */ = {isa = PBXBuildFile; fileRef = 02A6FD162259875800323C8F /* Listings.swift */; };
		02B1BD1224F6384600ACF1D7 /* BinaryCodableOptionSet.swift in Sources */ = {isa = PBXBuildFile; fileRef = 02B193D624B139C100041C8B /* BinaryCodableOptionSet.swift */; };
		02B1BD1324F6384600ACF1D7 /* BinaryCodableOptionSet.swift in Sources */ = {isa = PBXBuildFile; fileRef = 02B193D624B139C100041C8B /* BinaryCodableOptionSet.swift */; };
		02B1BD1824F639E000ACF1D7 /* ChannelsCommand.swift in Sources */ = {isa = PBXBuildFile; fileRef = 02A6FD1022596C0000323C8F /* ChannelsCommand.swift */; };
		02B1BD1924F639E100ACF1D7 /* ChannelsCommand.swift in Sources */ = {isa = PBXBuildFile; fileRef = 02A6FD1022596C0000323C8F /* ChannelsCommand.swift */; };
		02B1BD1A24F8BFEC00ACF1D7 /* ProgramCommand.swift in Sources */ = {isa = PBXBuildFile; fileRef = 02A6FD13225973EA00323C8F /* ProgramCommand.swift */; };
		02B1BD1B24F8BFED00ACF1D7 /* ProgramCommand.swift in Sources */ = {isa = PBXBuildFile; fileRef = 02A6FD13225973EA00323C8F /* ProgramCommand.swift */; };
		02B1BD1D24F8C2BB00ACF1D7 /* BytesType.swift in Sources */ = {isa = PBXBuildFile; fileRef = 02B1BD1C24F8C2BB00ACF1D7 /* BytesType.swift */; };
		02B1BD1E24F8C2BD00ACF1D7 /* BytesType.swift in Sources */ = {isa = PBXBuildFile; fileRef = 02B1BD1C24F8C2BB00ACF1D7 /* BytesType.swift */; };
		02B1BD1F24F8CB4D00ACF1D7 /* ConfigurationCommand.swift in Sources */ = {isa = PBXBuildFile; fileRef = 02A6FD0721A264BB00323C8F /* ConfigurationCommand.swift */; };
		02B1BD2024F8CB4E00ACF1D7 /* ConfigurationCommand.swift in Sources */ = {isa = PBXBuildFile; fileRef = 02A6FD0721A264BB00323C8F /* ConfigurationCommand.swift */; };
		02C199CA280A5E6600A157FF /* UtilityCommand.swift in Sources */ = {isa = PBXBuildFile; fileRef = 02C199C9280A5E6600A157FF /* UtilityCommand.swift */; };
		02C199CB280A5E6600A157FF /* UtilityCommand.swift in Sources */ = {isa = PBXBuildFile; fileRef = 02C199C9280A5E6600A157FF /* UtilityCommand.swift */; };
		02C199CF280A8DAF00A157FF /* LogoList.swift in Sources */ = {isa = PBXBuildFile; fileRef = 02C199CE280A8DAE00A157FF /* LogoList.swift */; };
		02C199D0280A8DAF00A157FF /* LogoList.swift in Sources */ = {isa = PBXBuildFile; fileRef = 02C199CE280A8DAE00A157FF /* LogoList.swift */; };
		02C199D2280A920F00A157FF /* SendLogos.swift in Sources */ = {isa = PBXBuildFile; fileRef = 02C199D1280A920F00A157FF /* SendLogos.swift */; };
		02C199D3280A920F00A157FF /* SendLogos.swift in Sources */ = {isa = PBXBuildFile; fileRef = 02C199D1280A920F00A157FF /* SendLogos.swift */; };
		02C199D5280A937A00A157FF /* SendScrollBanner.swift in Sources */ = {isa = PBXBuildFile; fileRef = 02C199D4280A937A00A157FF /* SendScrollBanner.swift */; };
		02C199D6280A937A00A157FF /* SendScrollBanner.swift in Sources */ = {isa = PBXBuildFile; fileRef = 02C199D4280A937A00A157FF /* SendScrollBanner.swift */; };
		02C71BE924FD88CD00550746 /* BinaryConvertible.swift in Sources */ = {isa = PBXBuildFile; fileRef = 02C71BE824FD88CD00550746 /* BinaryConvertible.swift */; };
		02C71BEA24FD895400550746 /* BinaryConvertible.swift in Sources */ = {isa = PBXBuildFile; fileRef = 02C71BE824FD88CD00550746 /* BinaryConvertible.swift */; };
		02C71BEE24FDA40900550746 /* NewLookConfigurationCommand.swift in Sources */ = {isa = PBXBuildFile; fileRef = 02A6FD0D225887A800323C8F /* NewLookConfigurationCommand.swift */; };
		02C71BEF24FDA40A00550746 /* NewLookConfigurationCommand.swift in Sources */ = {isa = PBXBuildFile; fileRef = 02A6FD0D225887A800323C8F /* NewLookConfigurationCommand.swift */; };
		02C71BF024FDE89C00550746 /* LocalAdCommand.swift in Sources */ = {isa = PBXBuildFile; fileRef = 0219326523827AC10076A810 /* LocalAdCommand.swift */; };
		02C71BF124FDE89D00550746 /* LocalAdCommand.swift in Sources */ = {isa = PBXBuildFile; fileRef = 0219326523827AC10076A810 /* LocalAdCommand.swift */; };
		02C71BF4250445A400550746 /* DataDestination.swift in Sources */ = {isa = PBXBuildFile; fileRef = 02A6FCF921A13DFE00323C8F /* DataDestination.swift */; };
		02C71BF5250445A400550746 /* DataDestination.swift in Sources */ = {isa = PBXBuildFile; fileRef = 02A6FCF921A13DFE00323C8F /* DataDestination.swift */; };
		02C71BF6250445A800550746 /* TCPDataDestination.swift in Sources */ = {isa = PBXBuildFile; fileRef = 02A6FCF621A13BC800323C8F /* TCPDataDestination.swift */; };
		02C71BF7250445A900550746 /* TCPDataDestination.swift in Sources */ = {isa = PBXBuildFile; fileRef = 02A6FCF621A13BC800323C8F /* TCPDataDestination.swift */; };
		02C71BF8250445AB00550746 /* SerialPortDataDestination.swift in Sources */ = {isa = PBXBuildFile; fileRef = 0220A64B2274E8550058C20D /* SerialPortDataDestination.swift */; };
		02C71BF9250445AC00550746 /* SerialPortDataDestination.swift in Sources */ = {isa = PBXBuildFile; fileRef = 0220A64B2274E8550058C20D /* SerialPortDataDestination.swift */; };
		02C71C0125046A0600550746 /* UVSGDocumentable.swift in Sources */ = {isa = PBXBuildFile; fileRef = 02D2BC15246FD0CE008CD801 /* UVSGDocumentable.swift */; };
		02C71C0225046A0600550746 /* UVSGDocumentable.swift in Sources */ = {isa = PBXBuildFile; fileRef = 02D2BC15246FD0CE008CD801 /* UVSGDocumentable.swift */; };
		02C71C072504B2E200550746 /* BinaryCodableStruct.swift in Sources */ = {isa = PBXBuildFile; fileRef = 02C71C062504B2E200550746 /* BinaryCodableStruct.swift */; };
		02C71C082504B2E200550746 /* BinaryCodableStruct.swift in Sources */ = {isa = PBXBuildFile; fileRef = 02C71C062504B2E200550746 /* BinaryCodableStruct.swift */; };
		02C71C0B2504BC2800550746 /* ActionCommand.swift in Sources */ = {isa = PBXBuildFile; fileRef = 02193163237B90890076A810 /* ActionCommand.swift */; };
		02C71C0C2504BC2900550746 /* ActionCommand.swift in Sources */ = {isa = PBXBuildFile; fileRef = 02193163237B90890076A810 /* ActionCommand.swift */; };
		02C71C0D2504BC9700550746 /* PromoTitleCommand.swift in Sources */ = {isa = PBXBuildFile; fileRef = 02193165237BAD310076A810 /* PromoTitleCommand.swift */; };
		02C71C0E2504BC9800550746 /* PromoTitleCommand.swift in Sources */ = {isa = PBXBuildFile; fileRef = 02193165237BAD310076A810 /* PromoTitleCommand.swift */; };
		02C71C0F2504BCAF00550746 /* EventCommand.swift in Sources */ = {isa = PBXBuildFile; fileRef = 02193167237BAFB30076A810 /* EventCommand.swift */; };
		02C71C102504BCB000550746 /* EventCommand.swift in Sources */ = {isa = PBXBuildFile; fileRef = 02193167237BAFB30076A810 /* EventCommand.swift */; };
		02C71C112504CA9E00550746 /* DataSending+AriDebugCTRL.swift in Sources */ = {isa = PBXBuildFile; fileRef = 025C0D9123714A9600489835 /* DataSending+AriDebugCTRL.swift */; };
		02C71C122504CA9F00550746 /* DataSending+AriDebugCTRL.swift in Sources */ = {isa = PBXBuildFile; fileRef = 025C0D9123714A9600489835 /* DataSending+AriDebugCTRL.swift */; };
		02C71C142506012800550746 /* CurdayDat.swift in Sources */ = {isa = PBXBuildFile; fileRef = 02C71C132506012800550746 /* CurdayDat.swift */; };
		02C71C162506012D00550746 /* CurdayDat.swift in Sources */ = {isa = PBXBuildFile; fileRef = 02C71C132506012800550746 /* CurdayDat.swift */; };
		02C71C18250AF3E600550746 /* CSVWriter.swift in Sources */ = {isa = PBXBuildFile; fileRef = 02C71C17250AF3E600550746 /* CSVWriter.swift */; };
		02C71C19250AF3E900550746 /* CSVWriter.swift in Sources */ = {isa = PBXBuildFile; fileRef = 02C71C17250AF3E600550746 /* CSVWriter.swift */; };
		02C71C1B250B08D900550746 /* Listings+CSVCodable.swift in Sources */ = {isa = PBXBuildFile; fileRef = 02C71C1A250B08D800550746 /* Listings+CSVCodable.swift */; };
		02C71C1D250B376200550746 /* AtariListingsFiltering.swift in Sources */ = {isa = PBXBuildFile; fileRef = 02C71C1C250B376200550746 /* AtariListingsFiltering.swift */; };
		02C71C1F250B3C1100550746 /* ListingsCommand.swift in Sources */ = {isa = PBXBuildFile; fileRef = 02C71C1E250B3C1100550746 /* ListingsCommand.swift */; };
		02C71C20250B3C1100550746 /* ListingsCommand.swift in Sources */ = {isa = PBXBuildFile; fileRef = 02C71C1E250B3C1100550746 /* ListingsCommand.swift */; };
		02C71C23250B3CE600550746 /* SendFileCommand.swift in Sources */ = {isa = PBXBuildFile; fileRef = 02C71C22250B3CE600550746 /* SendFileCommand.swift */; };
		02C71C24250B3CE600550746 /* SendFileCommand.swift in Sources */ = {isa = PBXBuildFile; fileRef = 02C71C22250B3CE600550746 /* SendFileCommand.swift */; };
		02CFDFD42520169E004E5EB4 /* JulianDay.swift in Sources */ = {isa = PBXBuildFile; fileRef = 02CFDFD32520169E004E5EB4 /* JulianDay.swift */; };
		02CFDFD52520169E004E5EB4 /* JulianDay.swift in Sources */ = {isa = PBXBuildFile; fileRef = 02CFDFD32520169E004E5EB4 /* JulianDay.swift */; };
		02CFDFD725202490004E5EB4 /* DST.swift in Sources */ = {isa = PBXBuildFile; fileRef = 02CFDFD625202490004E5EB4 /* DST.swift */; };
		02CFDFD825202490004E5EB4 /* DST.swift in Sources */ = {isa = PBXBuildFile; fileRef = 02CFDFD625202490004E5EB4 /* DST.swift */; };
		02CFDFDA252044A4004E5EB4 /* CalendarUtilities.swift in Sources */ = {isa = PBXBuildFile; fileRef = 02CFDFD9252044A4004E5EB4 /* CalendarUtilities.swift */; };
		02CFDFDB252044A4004E5EB4 /* CalendarUtilities.swift in Sources */ = {isa = PBXBuildFile; fileRef = 02CFDFD9252044A4004E5EB4 /* CalendarUtilities.swift */; };
		02DFE07825AA789000BC4C50 /* AudioSwitchMonitor.swift in Sources */ = {isa = PBXBuildFile; fileRef = 02DFE07725AA789000BC4C50 /* AudioSwitchMonitor.swift */; };
		02DFE07925AA789000BC4C50 /* AudioSwitchMonitor.swift in Sources */ = {isa = PBXBuildFile; fileRef = 02DFE07725AA789000BC4C50 /* AudioSwitchMonitor.swift */; };
		02F93C10256B9838009271D4 /* DefaultGraphicCommand.swift in Sources */ = {isa = PBXBuildFile; fileRef = 02F93C0F256B9838009271D4 /* DefaultGraphicCommand.swift */; };
		02FFD4BC26216F4800C3E067 /* Listings+FooterConvenience.swift in Sources */ = {isa = PBXBuildFile; fileRef = 02FFD4BB26216F4800C3E067 /* Listings+FooterConvenience.swift */; };
		02FFD4BD26216F4800C3E067 /* Listings+FooterConvenience.swift in Sources */ = {isa = PBXBuildFile; fileRef = 02FFD4BB26216F4800C3E067 /* Listings+FooterConvenience.swift */; };
/* End PBXBuildFile section */

/* Begin PBXCopyFilesBuildPhase section */
		02A6FCD821A0ABB900323C8F /* CopyFiles */ = {
			isa = PBXCopyFilesBuildPhase;
			buildActionMask = 2147483647;
			dstPath = /usr/share/man/man1/;
			dstSubfolderSpec = 0;
			files = (
			);
			runOnlyForDeploymentPostprocessing = 1;
		};
/* End PBXCopyFilesBuildPhase section */

/* Begin PBXFileReference section */
		020C6628250DB69600AACAAB /* XMLTV.swift */ = {isa = PBXFileReference; lastKnownFileType = sourcecode.swift; path = XMLTV.swift; sourceTree = "<group>"; };
		020C662F250DB77B00AACAAB /* CurdayDat+Listings.swift */ = {isa = PBXFileReference; lastKnownFileType = sourcecode.swift; path = "CurdayDat+Listings.swift"; sourceTree = "<group>"; };
		02173F83250EE8550078C83B /* Timeslot.swift */ = {isa = PBXFileReference; lastKnownFileType = sourcecode.swift; path = Timeslot.swift; sourceTree = "<group>"; };
		02193163237B90890076A810 /* ActionCommand.swift */ = {isa = PBXFileReference; lastKnownFileType = sourcecode.swift; path = ActionCommand.swift; sourceTree = "<group>"; };
		02193165237BAD310076A810 /* PromoTitleCommand.swift */ = {isa = PBXFileReference; lastKnownFileType = sourcecode.swift; path = PromoTitleCommand.swift; sourceTree = "<group>"; };
		02193167237BAFB30076A810 /* EventCommand.swift */ = {isa = PBXFileReference; lastKnownFileType = sourcecode.swift; path = EventCommand.swift; sourceTree = "<group>"; };
		021931DD238106400076A810 /* DataController.swift */ = {isa = PBXFileReference; lastKnownFileType = sourcecode.swift; path = DataController.swift; sourceTree = "<group>"; };
		0219326523827AC10076A810 /* LocalAdCommand.swift */ = {isa = PBXFileReference; lastKnownFileType = sourcecode.swift; path = LocalAdCommand.swift; sourceTree = "<group>"; };
		02193F412454B2060093D586 /* Mark.swift */ = {isa = PBXFileReference; lastKnownFileType = sourcecode.swift; path = Mark.swift; sourceTree = "<group>"; };
		02193F422454B2060093D586 /* Decoder.swift */ = {isa = PBXFileReference; lastKnownFileType = sourcecode.swift; path = Decoder.swift; sourceTree = "<group>"; };
		02193F432454B2060093D586 /* Constructor.swift */ = {isa = PBXFileReference; lastKnownFileType = sourcecode.swift; path = Constructor.swift; sourceTree = "<group>"; };
		02193F442454B2060093D586 /* Resolver.swift */ = {isa = PBXFileReference; lastKnownFileType = sourcecode.swift; path = Resolver.swift; sourceTree = "<group>"; };
		02193F452454B2060093D586 /* Encoder.swift */ = {isa = PBXFileReference; lastKnownFileType = sourcecode.swift; path = Encoder.swift; sourceTree = "<group>"; };
		02193F462454B2060093D586 /* Node.Mapping.swift */ = {isa = PBXFileReference; lastKnownFileType = sourcecode.swift; path = Node.Mapping.swift; sourceTree = "<group>"; };
		02193F472454B2060093D586 /* String+Yams.swift */ = {isa = PBXFileReference; lastKnownFileType = sourcecode.swift; path = "String+Yams.swift"; sourceTree = "<group>"; };
		02193F482454B2060093D586 /* Node.Sequence.swift */ = {isa = PBXFileReference; lastKnownFileType = sourcecode.swift; path = Node.Sequence.swift; sourceTree = "<group>"; };
		02193F4A2454B2060093D586 /* Parser.swift */ = {isa = PBXFileReference; lastKnownFileType = sourcecode.swift; path = Parser.swift; sourceTree = "<group>"; };
		02193F4B2454B2060093D586 /* Node.Scalar.swift */ = {isa = PBXFileReference; lastKnownFileType = sourcecode.swift; path = Node.Scalar.swift; sourceTree = "<group>"; };
		02193F4D2454B2060093D586 /* Tag.swift */ = {isa = PBXFileReference; lastKnownFileType = sourcecode.swift; path = Tag.swift; sourceTree = "<group>"; };
		02193F4E2454B2060093D586 /* YamlError.swift */ = {isa = PBXFileReference; lastKnownFileType = sourcecode.swift; path = YamlError.swift; sourceTree = "<group>"; };
		02193F4F2454B2060093D586 /* Emitter.swift */ = {isa = PBXFileReference; lastKnownFileType = sourcecode.swift; path = Emitter.swift; sourceTree = "<group>"; };
		02193F502454B2060093D586 /* Node.swift */ = {isa = PBXFileReference; lastKnownFileType = sourcecode.swift; path = Node.swift; sourceTree = "<group>"; };
		02193F512454B2060093D586 /* Representer.swift */ = {isa = PBXFileReference; lastKnownFileType = sourcecode.swift; path = Representer.swift; sourceTree = "<group>"; };
		02193F542454B2060093D586 /* CYaml.h */ = {isa = PBXFileReference; lastKnownFileType = sourcecode.c.h; path = CYaml.h; sourceTree = "<group>"; };
		02193F552454B2060093D586 /* yaml.h */ = {isa = PBXFileReference; lastKnownFileType = sourcecode.c.h; path = yaml.h; sourceTree = "<group>"; };
		02193F572454B2060093D586 /* scanner.c */ = {isa = PBXFileReference; lastKnownFileType = sourcecode.c.c; path = scanner.c; sourceTree = "<group>"; };
		02193F582454B2060093D586 /* yaml_private.h */ = {isa = PBXFileReference; lastKnownFileType = sourcecode.c.h; path = yaml_private.h; sourceTree = "<group>"; };
		02193F592454B2060093D586 /* api.c */ = {isa = PBXFileReference; lastKnownFileType = sourcecode.c.c; path = api.c; sourceTree = "<group>"; };
		02193F5A2454B2060093D586 /* writer.c */ = {isa = PBXFileReference; lastKnownFileType = sourcecode.c.c; path = writer.c; sourceTree = "<group>"; };
		02193F5B2454B2060093D586 /* reader.c */ = {isa = PBXFileReference; lastKnownFileType = sourcecode.c.c; path = reader.c; sourceTree = "<group>"; };
		02193F5C2454B2060093D586 /* emitter.c */ = {isa = PBXFileReference; lastKnownFileType = sourcecode.c.c; path = emitter.c; sourceTree = "<group>"; };
		02193F5D2454B2060093D586 /* parser.c */ = {isa = PBXFileReference; lastKnownFileType = sourcecode.c.c; path = parser.c; sourceTree = "<group>"; };
		02193F6F2454B2DC0093D586 /* UVSGSerialData.c */ = {isa = PBXFileReference; lastKnownFileType = sourcecode.c.c; path = UVSGSerialData.c; sourceTree = "<group>"; };
		02193F712454B2DC0093D586 /* UVSGSerialData.h */ = {isa = PBXFileReference; lastKnownFileType = sourcecode.c.h; path = UVSGSerialData.h; sourceTree = "<group>"; };
		02193F7B2459069F0093D586 /* CLI.swift */ = {isa = PBXFileReference; lastKnownFileType = sourcecode.swift; path = CLI.swift; sourceTree = "<group>"; };
		0220A64B2274E8550058C20D /* SerialPortDataDestination.swift */ = {isa = PBXFileReference; lastKnownFileType = sourcecode.swift; path = SerialPortDataDestination.swift; sourceTree = "<group>"; };
		02273BE525849B520026391F /* SendBrushes.swift */ = {isa = PBXFileReference; lastKnownFileType = sourcecode.swift; path = SendBrushes.swift; sourceTree = "<group>"; };
		02273BED2585DA730026391F /* INIFile.swift */ = {isa = PBXFileReference; lastKnownFileType = sourcecode.swift; path = INIFile.swift; sourceTree = "<group>"; };
		024CE95D25AACD6400C88001 /* SerialInterface.swift */ = {isa = PBXFileReference; fileEncoding = 4; lastKnownFileType = sourcecode.swift; path = SerialInterface.swift; sourceTree = "<group>"; };
		025C0D9123714A9600489835 /* DataSending+AriDebugCTRL.swift */ = {isa = PBXFileReference; lastKnownFileType = sourcecode.swift; path = "DataSending+AriDebugCTRL.swift"; sourceTree = "<group>"; };
		025F523D270024D70087E328 /* ScrollCommand.swift */ = {isa = PBXFileReference; lastKnownFileType = sourcecode.swift; path = ScrollCommand.swift; sourceTree = "<group>"; };
		02678B4C250C073B005D1114 /* pplib.c */ = {isa = PBXFileReference; fileEncoding = 4; lastKnownFileType = sourcecode.c.c; path = pplib.c; sourceTree = "<group>"; };
		02678B4E250C073B005D1114 /* pplib.h */ = {isa = PBXFileReference; fileEncoding = 4; lastKnownFileType = sourcecode.c.h; path = pplib.h; sourceTree = "<group>"; };
		02678B51250C65A4005D1114 /* PowerPacker.swift */ = {isa = PBXFileReference; lastKnownFileType = sourcecode.swift; name = PowerPacker.swift; path = Modules/PowerPacker/PowerPacker.swift; sourceTree = SOURCE_ROOT; };
		02678B54250D6A1B005D1114 /* SpecialCharacterString.swift */ = {isa = PBXFileReference; lastKnownFileType = sourcecode.swift; path = SpecialCharacterString.swift; sourceTree = "<group>"; };
		026A9413245E31180057E012 /* PrevueCommandFile.swift */ = {isa = PBXFileReference; fileEncoding = 4; lastKnownFileType = sourcecode.swift; path = PrevueCommandFile.swift; sourceTree = "<group>"; };
		026F628D248C6D6200E78F2C /* Resources */ = {isa = PBXFileReference; lastKnownFileType = folder; path = Resources; sourceTree = "<group>"; };
		0270E6D721A0DED7003C98EF /* CommandModes.swift */ = {isa = PBXFileReference; lastKnownFileType = sourcecode.swift; path = CommandModes.swift; sourceTree = "<group>"; };
		0270E6D921A0DF35003C98EF /* DownloadCommand.swift */ = {isa = PBXFileReference; lastKnownFileType = sourcecode.swift; path = DownloadCommand.swift; sourceTree = "<group>"; };
		027B7C3A251FD3E60092EE7E /* Bit.swift */ = {isa = PBXFileReference; lastKnownFileType = sourcecode.swift; path = Bit.swift; sourceTree = "<group>"; };
		027B7C3D252007260092EE7E /* DSTCommand.swift */ = {isa = PBXFileReference; lastKnownFileType = sourcecode.swift; path = DSTCommand.swift; sourceTree = "<group>"; };
		0295611D250DE31900D69952 /* XMLTV+Parsing.swift */ = {isa = PBXFileReference; lastKnownFileType = sourcecode.swift; path = "XMLTV+Parsing.swift"; sourceTree = "<group>"; };
		02956120250DEC3000D69952 /* XMLTV+Listings.swift */ = {isa = PBXFileReference; lastKnownFileType = sourcecode.swift; path = "XMLTV+Listings.swift"; sourceTree = "<group>"; };
		029BA0DB254D2B7000F3EF2E /* String+Latin1.swift */ = {isa = PBXFileReference; lastKnownFileType = sourcecode.swift; name = "String+Latin1.swift"; path = "../Listings/Satellite/String+Latin1.swift"; sourceTree = "<group>"; };
		029BA0DF254D3CFB00F3EF2E /* SpecialCharacter.swift */ = {isa = PBXFileReference; lastKnownFileType = sourcecode.swift; path = SpecialCharacter.swift; sourceTree = "<group>"; };
		02A6FCDA21A0ABB900323C8F /* PrevueCLI */ = {isa = PBXFileReference; explicitFileType = "compiled.mach-o.executable"; includeInIndex = 0; path = PrevueCLI; sourceTree = BUILT_PRODUCTS_DIR; };
		02A6FCDC21A0ABB900323C8F /* main.swift */ = {isa = PBXFileReference; lastKnownFileType = sourcecode.swift; path = main.swift; sourceTree = "<group>"; };
		02A6FCE821A0BAB800323C8F /* Command.swift */ = {isa = PBXFileReference; lastKnownFileType = sourcecode.swift; path = Command.swift; sourceTree = "<group>"; };
		02A6FCF621A13BC800323C8F /* TCPDataDestination.swift */ = {isa = PBXFileReference; lastKnownFileType = sourcecode.swift; path = TCPDataDestination.swift; sourceTree = "<group>"; };
		02A6FCF921A13DFE00323C8F /* DataDestination.swift */ = {isa = PBXFileReference; lastKnownFileType = sourcecode.swift; path = DataDestination.swift; sourceTree = "<group>"; };
		02A6FCFE21A263D300323C8F /* TitleCommand.swift */ = {isa = PBXFileReference; lastKnownFileType = sourcecode.swift; path = TitleCommand.swift; sourceTree = "<group>"; };
		02A6FD0121A263F600323C8F /* BoxCommands.swift */ = {isa = PBXFileReference; lastKnownFileType = sourcecode.swift; path = BoxCommands.swift; sourceTree = "<group>"; };
		02A6FD0421A2642300323C8F /* ClockCommand.swift */ = {isa = PBXFileReference; lastKnownFileType = sourcecode.swift; path = ClockCommand.swift; sourceTree = "<group>"; };
		02A6FD0721A264BB00323C8F /* ConfigurationCommand.swift */ = {isa = PBXFileReference; lastKnownFileType = sourcecode.swift; path = ConfigurationCommand.swift; sourceTree = "<group>"; };
		02A6FD0A225850A300323C8F /* ByteConvenience.swift */ = {isa = PBXFileReference; lastKnownFileType = sourcecode.swift; path = ByteConvenience.swift; sourceTree = "<group>"; };
		02A6FD0D225887A800323C8F /* NewLookConfigurationCommand.swift */ = {isa = PBXFileReference; lastKnownFileType = sourcecode.swift; path = NewLookConfigurationCommand.swift; sourceTree = "<group>"; };
		02A6FD1022596C0000323C8F /* ChannelsCommand.swift */ = {isa = PBXFileReference; lastKnownFileType = sourcecode.swift; path = ChannelsCommand.swift; sourceTree = "<group>"; };
		02A6FD13225973EA00323C8F /* ProgramCommand.swift */ = {isa = PBXFileReference; lastKnownFileType = sourcecode.swift; path = ProgramCommand.swift; sourceTree = "<group>"; };
		02A6FD162259875800323C8F /* Listings.swift */ = {isa = PBXFileReference; lastKnownFileType = sourcecode.swift; path = Listings.swift; sourceTree = "<group>"; };
		02B1939024A71B2100041C8B /* CSVError.swift */ = {isa = PBXFileReference; lastKnownFileType = sourcecode.swift; path = CSVError.swift; sourceTree = "<group>"; };
		02B1939224A71B2100041C8B /* BinaryReader.swift */ = {isa = PBXFileReference; lastKnownFileType = sourcecode.swift; path = BinaryReader.swift; sourceTree = "<group>"; };
		02B1939324A71B2100041C8B /* Legacy.swift */ = {isa = PBXFileReference; lastKnownFileType = sourcecode.swift; path = Legacy.swift; sourceTree = "<group>"; };
		02B1939424A71B2100041C8B /* UnicodeIterator.swift */ = {isa = PBXFileReference; lastKnownFileType = sourcecode.swift; path = UnicodeIterator.swift; sourceTree = "<group>"; };
		02B1939524A71B2100041C8B /* Endian.swift */ = {isa = PBXFileReference; lastKnownFileType = sourcecode.swift; path = Endian.swift; sourceTree = "<group>"; };
		02B1939624A71B2100041C8B /* CSVRowDecoder.swift */ = {isa = PBXFileReference; lastKnownFileType = sourcecode.swift; path = CSVRowDecoder.swift; sourceTree = "<group>"; };
		02B1939724A71B2100041C8B /* CSVReader.swift */ = {isa = PBXFileReference; lastKnownFileType = sourcecode.swift; path = CSVReader.swift; sourceTree = "<group>"; };
		02B193A324AEFBF200041C8B /* TulsaTime.swift */ = {isa = PBXFileReference; lastKnownFileType = sourcecode.swift; path = TulsaTime.swift; sourceTree = "<group>"; };
		02B193CC24B12D0C00041C8B /* BinaryCodable.swift */ = {isa = PBXFileReference; fileEncoding = 4; lastKnownFileType = sourcecode.swift; path = BinaryCodable.swift; sourceTree = "<group>"; };
		02B193CD24B12D0C00041C8B /* BinaryCodableExtensions.swift */ = {isa = PBXFileReference; fileEncoding = 4; lastKnownFileType = sourcecode.swift; path = BinaryCodableExtensions.swift; sourceTree = "<group>"; };
		02B193CE24B12D0C00041C8B /* BinaryEncoder.swift */ = {isa = PBXFileReference; fileEncoding = 4; lastKnownFileType = sourcecode.swift; path = BinaryEncoder.swift; sourceTree = "<group>"; };
		02B193CF24B12D0C00041C8B /* BinaryDecoder.swift */ = {isa = PBXFileReference; fileEncoding = 4; lastKnownFileType = sourcecode.swift; path = BinaryDecoder.swift; sourceTree = "<group>"; };
		02B193D424B1393200041C8B /* BinaryCodableEnum.swift */ = {isa = PBXFileReference; lastKnownFileType = sourcecode.swift; path = BinaryCodableEnum.swift; sourceTree = "<group>"; };
		02B193D624B139C100041C8B /* BinaryCodableOptionSet.swift */ = {isa = PBXFileReference; lastKnownFileType = sourcecode.swift; path = BinaryCodableOptionSet.swift; sourceTree = "<group>"; };
		02B1BCCA24DE63F400ACF1D7 /* PackageTests.xctest */ = {isa = PBXFileReference; explicitFileType = wrapper.cfbundle; includeInIndex = 0; path = PackageTests.xctest; sourceTree = BUILT_PRODUCTS_DIR; };
		02B1BCCC24DE63F400ACF1D7 /* CommandEncodingTests.swift */ = {isa = PBXFileReference; lastKnownFileType = sourcecode.swift; path = CommandEncodingTests.swift; sourceTree = "<group>"; };
		02B1BCCE24DE63F400ACF1D7 /* Info.plist */ = {isa = PBXFileReference; lastKnownFileType = text.plist.xml; path = Info.plist; sourceTree = "<group>"; };
		02B1BCFA24DE7B4100ACF1D7 /* SerializedCommand.swift */ = {isa = PBXFileReference; lastKnownFileType = sourcecode.swift; path = SerializedCommand.swift; sourceTree = "<group>"; };
		02B1BD0724E8735A00ACF1D7 /* CodingPathIntrospectable.swift */ = {isa = PBXFileReference; lastKnownFileType = sourcecode.swift; path = CodingPathIntrospectable.swift; sourceTree = "<group>"; };
		02B1BD1C24F8C2BB00ACF1D7 /* BytesType.swift */ = {isa = PBXFileReference; lastKnownFileType = sourcecode.swift; path = BytesType.swift; sourceTree = "<group>"; };
		02C199C9280A5E6600A157FF /* UtilityCommand.swift */ = {isa = PBXFileReference; lastKnownFileType = sourcecode.swift; path = UtilityCommand.swift; sourceTree = "<group>"; };
		02C199CE280A8DAE00A157FF /* LogoList.swift */ = {isa = PBXFileReference; lastKnownFileType = sourcecode.swift; path = LogoList.swift; sourceTree = "<group>"; };
		02C199D1280A920F00A157FF /* SendLogos.swift */ = {isa = PBXFileReference; lastKnownFileType = sourcecode.swift; path = SendLogos.swift; sourceTree = "<group>"; };
		02C199D4280A937A00A157FF /* SendScrollBanner.swift */ = {isa = PBXFileReference; lastKnownFileType = sourcecode.swift; path = SendScrollBanner.swift; sourceTree = "<group>"; };
		02C71BE824FD88CD00550746 /* BinaryConvertible.swift */ = {isa = PBXFileReference; lastKnownFileType = sourcecode.swift; path = BinaryConvertible.swift; sourceTree = "<group>"; };
		02C71C062504B2E200550746 /* BinaryCodableStruct.swift */ = {isa = PBXFileReference; lastKnownFileType = sourcecode.swift; path = BinaryCodableStruct.swift; sourceTree = "<group>"; };
		02C71C132506012800550746 /* CurdayDat.swift */ = {isa = PBXFileReference; lastKnownFileType = sourcecode.swift; path = CurdayDat.swift; sourceTree = "<group>"; };
		02C71C17250AF3E600550746 /* CSVWriter.swift */ = {isa = PBXFileReference; fileEncoding = 4; lastKnownFileType = sourcecode.swift; path = CSVWriter.swift; sourceTree = "<group>"; };
		02C71C1A250B08D800550746 /* Listings+CSVCodable.swift */ = {isa = PBXFileReference; fileEncoding = 4; lastKnownFileType = sourcecode.swift; path = "Listings+CSVCodable.swift"; sourceTree = "<group>"; };
		02C71C1C250B376200550746 /* AtariListingsFiltering.swift */ = {isa = PBXFileReference; lastKnownFileType = sourcecode.swift; path = AtariListingsFiltering.swift; sourceTree = "<group>"; };
		02C71C1E250B3C1100550746 /* ListingsCommand.swift */ = {isa = PBXFileReference; lastKnownFileType = sourcecode.swift; path = ListingsCommand.swift; sourceTree = "<group>"; };
		02C71C22250B3CE600550746 /* SendFileCommand.swift */ = {isa = PBXFileReference; lastKnownFileType = sourcecode.swift; path = SendFileCommand.swift; sourceTree = "<group>"; };
		02CFDFD32520169E004E5EB4 /* JulianDay.swift */ = {isa = PBXFileReference; lastKnownFileType = sourcecode.swift; path = JulianDay.swift; sourceTree = "<group>"; };
		02CFDFD625202490004E5EB4 /* DST.swift */ = {isa = PBXFileReference; lastKnownFileType = sourcecode.swift; path = DST.swift; sourceTree = "<group>"; };
		02CFDFD9252044A4004E5EB4 /* CalendarUtilities.swift */ = {isa = PBXFileReference; lastKnownFileType = sourcecode.swift; path = CalendarUtilities.swift; sourceTree = "<group>"; };
		02D2BC15246FD0CE008CD801 /* UVSGDocumentable.swift */ = {isa = PBXFileReference; lastKnownFileType = sourcecode.swift; path = UVSGDocumentable.swift; sourceTree = "<group>"; };
		02DFE07725AA789000BC4C50 /* AudioSwitchMonitor.swift */ = {isa = PBXFileReference; fileEncoding = 4; lastKnownFileType = sourcecode.swift; path = AudioSwitchMonitor.swift; sourceTree = "<group>"; };
		02F93C0F256B9838009271D4 /* DefaultGraphicCommand.swift */ = {isa = PBXFileReference; lastKnownFileType = sourcecode.swift; path = DefaultGraphicCommand.swift; sourceTree = "<group>"; };
		02FFD4BB26216F4800C3E067 /* Listings+FooterConvenience.swift */ = {isa = PBXFileReference; fileEncoding = 4; lastKnownFileType = sourcecode.swift; path = "Listings+FooterConvenience.swift"; sourceTree = "<group>"; };
/* End PBXFileReference section */

/* Begin PBXFrameworksBuildPhase section */
		02A6FCD721A0ABB900323C8F /* Frameworks */ = {
			isa = PBXFrameworksBuildPhase;
			buildActionMask = 2147483647;
			files = (
			);
			runOnlyForDeploymentPostprocessing = 0;
		};
		02B1BCC724DE63F400ACF1D7 /* Frameworks */ = {
			isa = PBXFrameworksBuildPhase;
			buildActionMask = 2147483647;
			files = (
			);
			runOnlyForDeploymentPostprocessing = 0;
		};
/* End PBXFrameworksBuildPhase section */

/* Begin PBXGroup section */
		020C662D250DB75C00AACAAB /* Satellite */ = {
			isa = PBXGroup;
			children = (
				02173F82250EE8350078C83B /* Date & Time */,
				02A6FD162259875800323C8F /* Listings.swift */,
				02C71C1A250B08D800550746 /* Listings+CSVCodable.swift */,
				02FFD4BB26216F4800C3E067 /* Listings+FooterConvenience.swift */,
				029BA0DF254D3CFB00F3EF2E /* SpecialCharacter.swift */,
				02678B54250D6A1B005D1114 /* SpecialCharacterString.swift */,
				02C71C1C250B376200550746 /* AtariListingsFiltering.swift */,
			);
			path = Satellite;
			sourceTree = "<group>";
		};
		020C662E250DB76A00AACAAB /* Curday.dat */ = {
			isa = PBXGroup;
			children = (
				02C71C132506012800550746 /* CurdayDat.swift */,
				020C662F250DB77B00AACAAB /* CurdayDat+Listings.swift */,
			);
			path = Curday.dat;
			sourceTree = "<group>";
		};
		020C6632250DB79700AACAAB /* XMLTV */ = {
			isa = PBXGroup;
			children = (
				020C6628250DB69600AACAAB /* XMLTV.swift */,
				0295611D250DE31900D69952 /* XMLTV+Parsing.swift */,
				02956120250DEC3000D69952 /* XMLTV+Listings.swift */,
			);
			path = XMLTV;
			sourceTree = "<group>";
		};
		02173F82250EE8350078C83B /* Date & Time */ = {
			isa = PBXGroup;
			children = (
				02B193A324AEFBF200041C8B /* TulsaTime.swift */,
				02173F83250EE8550078C83B /* Timeslot.swift */,
				02CFDFD32520169E004E5EB4 /* JulianDay.swift */,
				02CFDFD625202490004E5EB4 /* DST.swift */,
				02CFDFD9252044A4004E5EB4 /* CalendarUtilities.swift */,
			);
			path = "Date & Time";
			sourceTree = "<group>";
		};
		02193161237B90620076A810 /* Data Commands */ = {
			isa = PBXGroup;
			children = (
				02A6FCFE21A263D300323C8F /* TitleCommand.swift */,
				02A6FD0121A263F600323C8F /* BoxCommands.swift */,
				0219326523827AC10076A810 /* LocalAdCommand.swift */,
				02A6FD0421A2642300323C8F /* ClockCommand.swift */,
				02C71C21250B3CC300550746 /* Configuration */,
				02B193A124AEFBD300041C8B /* Listings */,
			);
			path = "Data Commands";
			sourceTree = "<group>";
		};
		02193162237B90700076A810 /* Control Commands */ = {
			isa = PBXGroup;
			children = (
				02193163237B90890076A810 /* ActionCommand.swift */,
				02193165237BAD310076A810 /* PromoTitleCommand.swift */,
				02193167237BAFB30076A810 /* EventCommand.swift */,
				02F93C0F256B9838009271D4 /* DefaultGraphicCommand.swift */,
				025F523D270024D70087E328 /* ScrollCommand.swift */,
			);
			path = "Control Commands";
			sourceTree = "<group>";
		};
		021931A5238103BB0076A810 /* Source */ = {
			isa = PBXGroup;
			children = (
				021931DC2381063A0076A810 /* Configuration */,
				02A6FCFC21A13E9E00323C8F /* Data Sending */,
				02A6FD6F2268230D00323C8F /* Listings */,
				026A940F245E1D850057E012 /* Command Types */,
				021931DA238105AA0076A810 /* Types */,
				02A6FCFD21A13EBD00323C8F /* Commands */,
			);
			path = Source;
			sourceTree = "<group>";
		};
		021931DA238105AA0076A810 /* Types */ = {
			isa = PBXGroup;
			children = (
				02D2BC15246FD0CE008CD801 /* UVSGDocumentable.swift */,
				027B7C3A251FD3E60092EE7E /* Bit.swift */,
				02A6FD0A225850A300323C8F /* ByteConvenience.swift */,
				02C71BE824FD88CD00550746 /* BinaryConvertible.swift */,
				02B193D424B1393200041C8B /* BinaryCodableEnum.swift */,
				02B193D624B139C100041C8B /* BinaryCodableOptionSet.swift */,
				02C71C062504B2E200550746 /* BinaryCodableStruct.swift */,
				029BA0DB254D2B7000F3EF2E /* String+Latin1.swift */,
			);
			path = Types;
			sourceTree = "<group>";
		};
		021931DC2381063A0076A810 /* Configuration */ = {
			isa = PBXGroup;
			children = (
				021931DD238106400076A810 /* DataController.swift */,
				02273BED2585DA730026391F /* INIFile.swift */,
				02C199CE280A8DAE00A157FF /* LogoList.swift */,
			);
			path = Configuration;
			sourceTree = "<group>";
		};
		02193F3D2454B1CA0093D586 /* Modules */ = {
			isa = PBXGroup;
			children = (
				02678B4B250C073B005D1114 /* PowerPacker */,
				02193F6E2454B2DC0093D586 /* UVSGSerialData */,
				02B193B524AF05F100041C8B /* BinaryCoder */,
				02B1938F24A71B2100041C8B /* CSV */,
				02193F3E2454B1E10093D586 /* Yams */,
			);
			path = Modules;
			sourceTree = "<group>";
		};
		02193F3E2454B1E10093D586 /* Yams */ = {
			isa = PBXGroup;
			children = (
				02193F522454B2060093D586 /* CYaml */,
				02193F402454B2060093D586 /* Swift */,
			);
			path = Yams;
			sourceTree = "<group>";
		};
		02193F402454B2060093D586 /* Swift */ = {
			isa = PBXGroup;
			children = (
				02193F412454B2060093D586 /* Mark.swift */,
				02193F422454B2060093D586 /* Decoder.swift */,
				02193F432454B2060093D586 /* Constructor.swift */,
				02193F442454B2060093D586 /* Resolver.swift */,
				02193F452454B2060093D586 /* Encoder.swift */,
				02193F462454B2060093D586 /* Node.Mapping.swift */,
				02193F472454B2060093D586 /* String+Yams.swift */,
				02193F482454B2060093D586 /* Node.Sequence.swift */,
				02193F4A2454B2060093D586 /* Parser.swift */,
				02193F4B2454B2060093D586 /* Node.Scalar.swift */,
				02193F4D2454B2060093D586 /* Tag.swift */,
				02193F4E2454B2060093D586 /* YamlError.swift */,
				02193F4F2454B2060093D586 /* Emitter.swift */,
				02193F502454B2060093D586 /* Node.swift */,
				02193F512454B2060093D586 /* Representer.swift */,
			);
			name = Swift;
			path = Sources/Yams;
			sourceTree = "<group>";
		};
		02193F522454B2060093D586 /* CYaml */ = {
			isa = PBXGroup;
			children = (
				02193F532454B2060093D586 /* include */,
				02193F562454B2060093D586 /* src */,
			);
			name = CYaml;
			path = Sources/CYaml;
			sourceTree = "<group>";
		};
		02193F532454B2060093D586 /* include */ = {
			isa = PBXGroup;
			children = (
				02193F542454B2060093D586 /* CYaml.h */,
				02193F552454B2060093D586 /* yaml.h */,
			);
			path = include;
			sourceTree = "<group>";
		};
		02193F562454B2060093D586 /* src */ = {
			isa = PBXGroup;
			children = (
				02193F572454B2060093D586 /* scanner.c */,
				02193F582454B2060093D586 /* yaml_private.h */,
				02193F592454B2060093D586 /* api.c */,
				02193F5A2454B2060093D586 /* writer.c */,
				02193F5B2454B2060093D586 /* reader.c */,
				02193F5C2454B2060093D586 /* emitter.c */,
				02193F5D2454B2060093D586 /* parser.c */,
			);
			path = src;
			sourceTree = "<group>";
		};
		02193F6E2454B2DC0093D586 /* UVSGSerialData */ = {
			isa = PBXGroup;
			children = (
				02193F6F2454B2DC0093D586 /* UVSGSerialData.c */,
				02193F712454B2DC0093D586 /* UVSGSerialData.h */,
			);
			path = UVSGSerialData;
			sourceTree = "<group>";
		};
		02678B4B250C073B005D1114 /* PowerPacker */ = {
			isa = PBXGroup;
			children = (
				02678B51250C65A4005D1114 /* PowerPacker.swift */,
				02678B4C250C073B005D1114 /* pplib.c */,
				02678B4E250C073B005D1114 /* pplib.h */,
			);
			path = PowerPacker;
			sourceTree = "<group>";
		};
		026A940F245E1D850057E012 /* Command Types */ = {
			isa = PBXGroup;
			children = (
				02A6FCE821A0BAB800323C8F /* Command.swift */,
				026A9413245E31180057E012 /* PrevueCommandFile.swift */,
				02B1BCFA24DE7B4100ACF1D7 /* SerializedCommand.swift */,
			);
			path = "Command Types";
			sourceTree = "<group>";
		};
		02A6FCAF21A0AA8D00323C8F = {
			isa = PBXGroup;
			children = (
				02193F3D2454B1CA0093D586 /* Modules */,
				021931A5238103BB0076A810 /* Source */,
				02B1BCCB24DE63F400ACF1D7 /* Tests */,
				02A6FCDB21A0ABB900323C8F /* PrevueCLI */,
				026F628D248C6D6200E78F2C /* Resources */,
				02A6FCB921A0AA8E00323C8F /* Products */,
			);
			sourceTree = "<group>";
		};
		02A6FCB921A0AA8E00323C8F /* Products */ = {
			isa = PBXGroup;
			children = (
				02A6FCDA21A0ABB900323C8F /* PrevueCLI */,
				02B1BCCA24DE63F400ACF1D7 /* PackageTests.xctest */,
			);
			name = Products;
			sourceTree = "<group>";
		};
		02A6FCDB21A0ABB900323C8F /* PrevueCLI */ = {
			isa = PBXGroup;
			children = (
				02193F7B2459069F0093D586 /* CLI.swift */,
				02A6FCDC21A0ABB900323C8F /* main.swift */,
			);
			path = PrevueCLI;
			sourceTree = "<group>";
		};
		02A6FCFC21A13E9E00323C8F /* Data Sending */ = {
			isa = PBXGroup;
			children = (
				02A6FCF921A13DFE00323C8F /* DataDestination.swift */,
				02A6FCF621A13BC800323C8F /* TCPDataDestination.swift */,
				0220A64B2274E8550058C20D /* SerialPortDataDestination.swift */,
				025C0D9123714A9600489835 /* DataSending+AriDebugCTRL.swift */,
				024CE95D25AACD6400C88001 /* SerialInterface.swift */,
				02DFE07725AA789000BC4C50 /* AudioSwitchMonitor.swift */,
			);
			path = "Data Sending";
			sourceTree = "<group>";
		};
		02A6FCFD21A13EBD00323C8F /* Commands */ = {
			isa = PBXGroup;
			children = (
				0270E6D721A0DED7003C98EF /* CommandModes.swift */,
				02193161237B90620076A810 /* Data Commands */,
				02193162237B90700076A810 /* Control Commands */,
			);
			path = Commands;
			sourceTree = "<group>";
		};
		02A6FD6F2268230D00323C8F /* Listings */ = {
			isa = PBXGroup;
			children = (
				020C662D250DB75C00AACAAB /* Satellite */,
				020C662E250DB76A00AACAAB /* Curday.dat */,
				020C6632250DB79700AACAAB /* XMLTV */,
			);
			path = Listings;
			sourceTree = "<group>";
		};
		02B1938F24A71B2100041C8B /* CSV */ = {
			isa = PBXGroup;
			children = (
				02B1939024A71B2100041C8B /* CSVError.swift */,
				02B1939224A71B2100041C8B /* BinaryReader.swift */,
				02B1939324A71B2100041C8B /* Legacy.swift */,
				02B1939424A71B2100041C8B /* UnicodeIterator.swift */,
				02B1939524A71B2100041C8B /* Endian.swift */,
				02B1939624A71B2100041C8B /* CSVRowDecoder.swift */,
				02B1939724A71B2100041C8B /* CSVReader.swift */,
				02C71C17250AF3E600550746 /* CSVWriter.swift */,
			);
			name = CSV;
			path = CSV.swift/Sources/CSV;
			sourceTree = "<group>";
		};
		02B193A124AEFBD300041C8B /* Listings */ = {
			isa = PBXGroup;
			children = (
				02A6FD1022596C0000323C8F /* ChannelsCommand.swift */,
				02A6FD13225973EA00323C8F /* ProgramCommand.swift */,
				02C71C1E250B3C1100550746 /* ListingsCommand.swift */,
			);
			name = Listings;
			sourceTree = "<group>";
		};
		02B193B524AF05F100041C8B /* BinaryCoder */ = {
			isa = PBXGroup;
			children = (
				02B193CC24B12D0C00041C8B /* BinaryCodable.swift */,
				02B193CD24B12D0C00041C8B /* BinaryCodableExtensions.swift */,
				02B193CF24B12D0C00041C8B /* BinaryDecoder.swift */,
				02B193CE24B12D0C00041C8B /* BinaryEncoder.swift */,
				02B1BD0724E8735A00ACF1D7 /* CodingPathIntrospectable.swift */,
				02B1BD1C24F8C2BB00ACF1D7 /* BytesType.swift */,
			);
			path = BinaryCoder;
			sourceTree = "<group>";
		};
		02B1BCCB24DE63F400ACF1D7 /* Tests */ = {
			isa = PBXGroup;
			children = (
				02B1BCCC24DE63F400ACF1D7 /* CommandEncodingTests.swift */,
				02B1BCCE24DE63F400ACF1D7 /* Info.plist */,
			);
			path = Tests;
			sourceTree = "<group>";
		};
		02C71C21250B3CC300550746 /* Configuration */ = {
			isa = PBXGroup;
			children = (
				0270E6D921A0DF35003C98EF /* DownloadCommand.swift */,
				02C199C9280A5E6600A157FF /* UtilityCommand.swift */,
				02C71C22250B3CE600550746 /* SendFileCommand.swift */,
				02273BE525849B520026391F /* SendBrushes.swift */,
				02C199D1280A920F00A157FF /* SendLogos.swift */,
				02C199D4280A937A00A157FF /* SendScrollBanner.swift */,
				02A6FD0721A264BB00323C8F /* ConfigurationCommand.swift */,
				02A6FD0D225887A800323C8F /* NewLookConfigurationCommand.swift */,
				027B7C3D252007260092EE7E /* DSTCommand.swift */,
			);
			path = Configuration;
			sourceTree = "<group>";
		};
/* End PBXGroup section */

/* Begin PBXNativeTarget section */
		02A6FCD921A0ABB900323C8F /* PrevueCLI */ = {
			isa = PBXNativeTarget;
			buildConfigurationList = 02A6FCDE21A0ABB900323C8F /* Build configuration list for PBXNativeTarget "PrevueCLI" */;
			buildPhases = (
				02A6FCD621A0ABB900323C8F /* Sources */,
				02A6FCD721A0ABB900323C8F /* Frameworks */,
				02A6FCD821A0ABB900323C8F /* CopyFiles */,
			);
			buildRules = (
			);
			dependencies = (
			);
			name = PrevueCLI;
			productName = PrevueCLI;
			productReference = 02A6FCDA21A0ABB900323C8F /* PrevueCLI */;
			productType = "com.apple.product-type.tool";
		};
		02B1BCC924DE63F400ACF1D7 /* PackageTests */ = {
			isa = PBXNativeTarget;
			buildConfigurationList = 02B1BCD124DE63F400ACF1D7 /* Build configuration list for PBXNativeTarget "PackageTests" */;
			buildPhases = (
				02B1BCC624DE63F400ACF1D7 /* Sources */,
				02B1BCC724DE63F400ACF1D7 /* Frameworks */,
				02B1BCC824DE63F400ACF1D7 /* Resources */,
			);
			buildRules = (
			);
			dependencies = (
			);
			name = PackageTests;
			productName = PackageTests;
			productReference = 02B1BCCA24DE63F400ACF1D7 /* PackageTests.xctest */;
			productType = "com.apple.product-type.bundle.unit-test";
		};
/* End PBXNativeTarget section */

/* Begin PBXProject section */
		02A6FCB021A0AA8D00323C8F /* Project object */ = {
			isa = PBXProject;
			attributes = {
				LastSwiftUpdateCheck = 1140;
				LastUpgradeCheck = 1010;
				ORGANIZATIONNAME = Vertex;
				TargetAttributes = {
					02A6FCD921A0ABB900323C8F = {
						CreatedOnToolsVersion = 10.1;
						LastSwiftMigration = 1140;
					};
					02B1BCC924DE63F400ACF1D7 = {
						CreatedOnToolsVersion = 11.4;
					};
				};
			};
			buildConfigurationList = 02A6FCB321A0AA8D00323C8F /* Build configuration list for PBXProject "PrevuePackage" */;
			compatibilityVersion = "Xcode 9.3";
			developmentRegion = en;
			hasScannedForEncodings = 0;
			knownRegions = (
				en,
				Base,
			);
			mainGroup = 02A6FCAF21A0AA8D00323C8F;
			productRefGroup = 02A6FCB921A0AA8E00323C8F /* Products */;
			projectDirPath = "";
			projectRoot = "";
			targets = (
				02A6FCD921A0ABB900323C8F /* PrevueCLI */,
				02B1BCC924DE63F400ACF1D7 /* PackageTests */,
			);
		};
/* End PBXProject section */

/* Begin PBXResourcesBuildPhase section */
		02B1BCC824DE63F400ACF1D7 /* Resources */ = {
			isa = PBXResourcesBuildPhase;
			buildActionMask = 2147483647;
			files = (
			);
			runOnlyForDeploymentPostprocessing = 0;
		};
/* End PBXResourcesBuildPhase section */

/* Begin PBXSourcesBuildPhase section */
		02A6FCD621A0ABB900323C8F /* Sources */ = {
			isa = PBXSourcesBuildPhase;
			buildActionMask = 2147483647;
			files = (
				02193F742454B2F70093D586 /* api.c in Sources */,
				02678B4F250C073C005D1114 /* pplib.c in Sources */,
				02B193A024A71B4C00041C8B /* BinaryReader.swift in Sources */,
				02B1BD0E24F1FFF500ACF1D7 /* TulsaTime.swift in Sources */,
				020C6630250DB77B00AACAAB /* CurdayDat+Listings.swift in Sources */,
				02B193D524B1393200041C8B /* BinaryCodableEnum.swift in Sources */,
				02678B52250C65A4005D1114 /* PowerPacker.swift in Sources */,
				02B1BD1B24F8BFED00ACF1D7 /* ProgramCommand.swift in Sources */,
				02193F642454B2360093D586 /* String+Yams.swift in Sources */,
				02C71BE924FD88CD00550746 /* BinaryConvertible.swift in Sources */,
				02C71C0125046A0600550746 /* UVSGDocumentable.swift in Sources */,
				02193F7C2459069F0093D586 /* CLI.swift in Sources */,
				0295611E250DE31900D69952 /* XMLTV+Parsing.swift in Sources */,
				027B7C3E252007260092EE7E /* DSTCommand.swift in Sources */,
				02B1BD0B24E8828C00ACF1D7 /* DownloadCommand.swift in Sources */,
				02B1BD0824E8735A00ACF1D7 /* CodingPathIntrospectable.swift in Sources */,
				02B1939B24A71B2B00041C8B /* Legacy.swift in Sources */,
				02C71C102504BCB000550746 /* EventCommand.swift in Sources */,
				02B1BD1F24F8CB4D00ACF1D7 /* ConfigurationCommand.swift in Sources */,
				02B193D324B12D0C00041C8B /* BinaryDecoder.swift in Sources */,
				02193F652454B2360093D586 /* Node.Sequence.swift in Sources */,
				02B1BCFB24DE7B4100ACF1D7 /* SerializedCommand.swift in Sources */,
				02B1BD1324F6384600ACF1D7 /* BinaryCodableOptionSet.swift in Sources */,
				02193F6A2454B2360093D586 /* YamlError.swift in Sources */,
				02C71C072504B2E200550746 /* BinaryCodableStruct.swift in Sources */,
				02B1BD0D24F1FD4500ACF1D7 /* ClockCommand.swift in Sources */,
				02C71C1D250B376200550746 /* AtariListingsFiltering.swift in Sources */,
				02CFDFD725202490004E5EB4 /* DST.swift in Sources */,
				02FFD4BC26216F4800C3E067 /* Listings+FooterConvenience.swift in Sources */,
				021931F7238123710076A810 /* ByteConvenience.swift in Sources */,
				02C71C1F250B3C1100550746 /* ListingsCommand.swift in Sources */,
				02C71C112504CA9E00550746 /* DataSending+AriDebugCTRL.swift in Sources */,
				02193F602454B2360093D586 /* Constructor.swift in Sources */,
				02193F682454B2360093D586 /* Node.Scalar.swift in Sources */,
				020C6629250DB69600AACAAB /* XMLTV.swift in Sources */,
				02B1939C24A71B2B00041C8B /* UnicodeIterator.swift in Sources */,
				02C199D2280A920F00A157FF /* SendLogos.swift in Sources */,
				02C71C0E2504BC9800550746 /* PromoTitleCommand.swift in Sources */,
				02B193DC24B997B700041C8B /* BoxCommands.swift in Sources */,
				02193F752454B2F70093D586 /* writer.c in Sources */,
				02B1939F24A71B2B00041C8B /* CSVReader.swift in Sources */,
				02B193D924B9645900041C8B /* Command.swift in Sources */,
				02C71BF4250445A400550746 /* DataDestination.swift in Sources */,
				024CE95E25AACD6400C88001 /* SerialInterface.swift in Sources */,
				02B1939824A71B2B00041C8B /* CSVError.swift in Sources */,
				02B1939D24A71B2B00041C8B /* Endian.swift in Sources */,
				02B1939E24A71B2B00041C8B /* CSVRowDecoder.swift in Sources */,
				02C199CA280A5E6600A157FF /* UtilityCommand.swift in Sources */,
				02193F5E2454B2360093D586 /* Mark.swift in Sources */,
				02193F6B2454B2360093D586 /* Emitter.swift in Sources */,
				02B1BD1024F6382600ACF1D7 /* Listings.swift in Sources */,
				02193F632454B2360093D586 /* Node.Mapping.swift in Sources */,
				02B1BD1924F639E100ACF1D7 /* ChannelsCommand.swift in Sources */,
				029BA0DC254D2B7000F3EF2E /* String+Latin1.swift in Sources */,
				02B193D024B12D0C00041C8B /* BinaryCodable.swift in Sources */,
				02193F782454B2F70093D586 /* parser.c in Sources */,
				02956121250DEC3000D69952 /* XMLTV+Listings.swift in Sources */,
				02B193DA24B9937D00041C8B /* PrevueCommandFile.swift in Sources */,
				02193F612454B2360093D586 /* Resolver.swift in Sources */,
				027B7C3B251FD3E60092EE7E /* Bit.swift in Sources */,
				02C199D5280A937A00A157FF /* SendScrollBanner.swift in Sources */,
				02B193D824B960B400041C8B /* CommandModes.swift in Sources */,
				02193F6D2454B2360093D586 /* Representer.swift in Sources */,
				0270E6DE21A0E388003C98EF /* main.swift in Sources */,
				02273BE625849B520026391F /* SendBrushes.swift in Sources */,
				029BA0E0254D3CFB00F3EF2E /* SpecialCharacter.swift in Sources */,
				02B193D124B12D0C00041C8B /* BinaryCodableExtensions.swift in Sources */,
				02DFE07825AA789000BC4C50 /* AudioSwitchMonitor.swift in Sources */,
				02C71C0B2504BC2800550746 /* ActionCommand.swift in Sources */,
				02173F84250EE8550078C83B /* Timeslot.swift in Sources */,
				02F93C10256B9838009271D4 /* DefaultGraphicCommand.swift in Sources */,
				02273BEE2585DA730026391F /* INIFile.swift in Sources */,
				02C71C18250AF3E600550746 /* CSVWriter.swift in Sources */,
				02678B55250D6A1B005D1114 /* SpecialCharacterString.swift in Sources */,
				02C71C142506012800550746 /* CurdayDat.swift in Sources */,
				02193F5F2454B2360093D586 /* Decoder.swift in Sources */,
				02193F772454B2F70093D586 /* emitter.c in Sources */,
				02193F622454B2360093D586 /* Encoder.swift in Sources */,
				02C71C23250B3CE600550746 /* SendFileCommand.swift in Sources */,
				02193F732454B2F70093D586 /* scanner.c in Sources */,
				02C199CF280A8DAF00A157FF /* LogoList.swift in Sources */,
				02193F692454B2360093D586 /* Tag.swift in Sources */,
				02B1BD0224E274A600ACF1D7 /* TitleCommand.swift in Sources */,
				02C71BEF24FDA40A00550746 /* NewLookConfigurationCommand.swift in Sources */,
				02193F6C2454B2360093D586 /* Node.swift in Sources */,
				025F523E270024D70087E328 /* ScrollCommand.swift in Sources */,
				02193F722454B2E50093D586 /* UVSGSerialData.c in Sources */,
				02CFDFD42520169E004E5EB4 /* JulianDay.swift in Sources */,
				02C71BF8250445AB00550746 /* SerialPortDataDestination.swift in Sources */,
				02C71C1B250B08D900550746 /* Listings+CSVCodable.swift in Sources */,
				02CFDFDA252044A4004E5EB4 /* CalendarUtilities.swift in Sources */,
				02B1BD1D24F8C2BB00ACF1D7 /* BytesType.swift in Sources */,
				02C71BF024FDE89C00550746 /* LocalAdCommand.swift in Sources */,
				02C71BF6250445A800550746 /* TCPDataDestination.swift in Sources */,
				02193F762454B2F70093D586 /* reader.c in Sources */,
				02193F672454B2360093D586 /* Parser.swift in Sources */,
				02B193D224B12D0C00041C8B /* BinaryEncoder.swift in Sources */,
			);
			runOnlyForDeploymentPostprocessing = 0;
		};
		02B1BCC624DE63F400ACF1D7 /* Sources */ = {
			isa = PBXSourcesBuildPhase;
			buildActionMask = 2147483647;
			files = (
				02B1BCE124DE647300ACF1D7 /* reader.c in Sources */,
				02B1BCE924DE647700ACF1D7 /* Node.Mapping.swift in Sources */,
				02B1BD0F24F1FFF600ACF1D7 /* TulsaTime.swift in Sources */,
				02B1BCF024DE647700ACF1D7 /* Emitter.swift in Sources */,
				02B1BD1A24F8BFEC00ACF1D7 /* ProgramCommand.swift in Sources */,
				02B1BCF124DE647700ACF1D7 /* Node.swift in Sources */,
				02C71BEA24FD895400550746 /* BinaryConvertible.swift in Sources */,
				02C71C0225046A0600550746 /* UVSGDocumentable.swift in Sources */,
				02C199D6280A937A00A157FF /* SendScrollBanner.swift in Sources */,
				02B1BCD224DE646000ACF1D7 /* UVSGSerialData.c in Sources */,
				027B7C362511F3770092EE7E /* AtariListingsFiltering.swift in Sources */,
				02678B50250C073C005D1114 /* pplib.c in Sources */,
				02B1BD0A24E8828C00ACF1D7 /* DownloadCommand.swift in Sources */,
				02B1BD0924E8735D00ACF1D7 /* CodingPathIntrospectable.swift in Sources */,
				027B7C3F252007260092EE7E /* DSTCommand.swift in Sources */,
				02B1BCD624DE646500ACF1D7 /* BinaryEncoder.swift in Sources */,
				02C71C0F2504BCAF00550746 /* EventCommand.swift in Sources */,
				02B1BD2024F8CB4E00ACF1D7 /* ConfigurationCommand.swift in Sources */,
				02B1BCE724DE647700ACF1D7 /* Resolver.swift in Sources */,
				02956122250DEC3000D69952 /* XMLTV+Listings.swift in Sources */,
				02B1BCD524DE646500ACF1D7 /* BinaryDecoder.swift in Sources */,
				02B1BCFC24DE7B7E00ACF1D7 /* SerializedCommand.swift in Sources */,
				02B1BD1224F6384600ACF1D7 /* BinaryCodableOptionSet.swift in Sources */,
				02B1BCE624DE647700ACF1D7 /* Constructor.swift in Sources */,
				02C71C082504B2E200550746 /* BinaryCodableStruct.swift in Sources */,
				02B1BD0C24F1FD4400ACF1D7 /* ClockCommand.swift in Sources */,
				02B1BCE524DE647700ACF1D7 /* Decoder.swift in Sources */,
				02C71C122504CA9F00550746 /* DataSending+AriDebugCTRL.swift in Sources */,
				02CFDFD825202490004E5EB4 /* DST.swift in Sources */,
				02B1BCE424DE647700ACF1D7 /* Mark.swift in Sources */,
				020C662A250DB69600AACAAB /* XMLTV.swift in Sources */,
				02C199D0280A8DAF00A157FF /* LogoList.swift in Sources */,
				02B1BCF924DE654A00ACF1D7 /* CLI.swift in Sources */,
				02B1BCE824DE647700ACF1D7 /* Encoder.swift in Sources */,
				02C71C0D2504BC9700550746 /* PromoTitleCommand.swift in Sources */,
				02B1BCDA24DE646900ACF1D7 /* UnicodeIterator.swift in Sources */,
				02B1BCEB24DE647700ACF1D7 /* Node.Sequence.swift in Sources */,
				02B1BCEE24DE647700ACF1D7 /* Tag.swift in Sources */,
				02B1BCDC24DE646900ACF1D7 /* CSVRowDecoder.swift in Sources */,
				02C71C24250B3CE600550746 /* SendFileCommand.swift in Sources */,
				02C71BF5250445A400550746 /* DataDestination.swift in Sources */,
				02DFE07925AA789000BC4C50 /* AudioSwitchMonitor.swift in Sources */,
				02B1BCE324DE647300ACF1D7 /* parser.c in Sources */,
				02B1BCDB24DE646900ACF1D7 /* Endian.swift in Sources */,
				020C6631250DB77B00AACAAB /* CurdayDat+Listings.swift in Sources */,
				02C199CB280A5E6600A157FF /* UtilityCommand.swift in Sources */,
				02B1BCF524DE652F00ACF1D7 /* Command.swift in Sources */,
				02B1BCE024DE647300ACF1D7 /* writer.c in Sources */,
				02B1BCF224DE647700ACF1D7 /* Representer.swift in Sources */,
				02173F85250EE8550078C83B /* Timeslot.swift in Sources */,
				0295611F250DE31900D69952 /* XMLTV+Parsing.swift in Sources */,
				02B1BD1124F6382700ACF1D7 /* Listings.swift in Sources */,
				02B1BCF324DE64A000ACF1D7 /* ByteConvenience.swift in Sources */,
				02B1BD1824F639E000ACF1D7 /* ChannelsCommand.swift in Sources */,
				02B1BCD724DE646900ACF1D7 /* CSVError.swift in Sources */,
				02B1BCD324DE646500ACF1D7 /* BinaryCodable.swift in Sources */,
				02B1BCDE24DE647300ACF1D7 /* scanner.c in Sources */,
				024CE95F25AACD6400C88001 /* SerialInterface.swift in Sources */,
				02B1BCDD24DE646900ACF1D7 /* CSVReader.swift in Sources */,
				027B7C3C251FD3E90092EE7E /* Bit.swift in Sources */,
				02B1BCEC24DE647700ACF1D7 /* Parser.swift in Sources */,
				02B1BCF724DE654100ACF1D7 /* BoxCommands.swift in Sources */,
				02C71C20250B3C1100550746 /* ListingsCommand.swift in Sources */,
				02B1BCD924DE646900ACF1D7 /* Legacy.swift in Sources */,
				02FFD4BD26216F4800C3E067 /* Listings+FooterConvenience.swift in Sources */,
				02B1BCEA24DE647700ACF1D7 /* String+Yams.swift in Sources */,
				027B7C352511F34A0092EE7E /* Listings+CSVCodable.swift in Sources */,
				02C199D3280A920F00A157FF /* SendLogos.swift in Sources */,
				02678B56250D6A1B005D1114 /* SpecialCharacterString.swift in Sources */,
				02C71C0C2504BC2900550746 /* ActionCommand.swift in Sources */,
				02C71C19250AF3E900550746 /* CSVWriter.swift in Sources */,
				02C71C162506012D00550746 /* CurdayDat.swift in Sources */,
				02B1BCD824DE646900ACF1D7 /* BinaryReader.swift in Sources */,
				02B1BCF624DE653400ACF1D7 /* PrevueCommandFile.swift in Sources */,
				02B1BCE224DE647300ACF1D7 /* emitter.c in Sources */,
				02B1BCEF24DE647700ACF1D7 /* YamlError.swift in Sources */,
				02B1BCF424DE652900ACF1D7 /* BinaryCodableEnum.swift in Sources */,
				02B1BD0124E274A600ACF1D7 /* TitleCommand.swift in Sources */,
				02C71BEE24FDA40900550746 /* NewLookConfigurationCommand.swift in Sources */,
				02B1BCDF24DE647300ACF1D7 /* api.c in Sources */,
				02678B53250C65A4005D1114 /* PowerPacker.swift in Sources */,
				02CFDFD52520169E004E5EB4 /* JulianDay.swift in Sources */,
				02B1BCF824DE654500ACF1D7 /* CommandModes.swift in Sources */,
				02C71BF9250445AC00550746 /* SerialPortDataDestination.swift in Sources */,
				02CFDFDB252044A4004E5EB4 /* CalendarUtilities.swift in Sources */,
				02B1BD1E24F8C2BD00ACF1D7 /* BytesType.swift in Sources */,
				02C71BF124FDE89D00550746 /* LocalAdCommand.swift in Sources */,
				02C71BF7250445A900550746 /* TCPDataDestination.swift in Sources */,
				02B1BCCD24DE63F400ACF1D7 /* CommandEncodingTests.swift in Sources */,
				02B1BCD424DE646500ACF1D7 /* BinaryCodableExtensions.swift in Sources */,
				02B1BCED24DE647700ACF1D7 /* Node.Scalar.swift in Sources */,
			);
			runOnlyForDeploymentPostprocessing = 0;
		};
/* End PBXSourcesBuildPhase section */

/* Begin XCBuildConfiguration section */
		02A6FCC421A0AA8E00323C8F /* Debug */ = {
			isa = XCBuildConfiguration;
			buildSettings = {
				ALWAYS_SEARCH_USER_PATHS = NO;
				CLANG_ANALYZER_NONNULL = YES;
				CLANG_ANALYZER_NUMBER_OBJECT_CONVERSION = YES_AGGRESSIVE;
				CLANG_CXX_LANGUAGE_STANDARD = "gnu++14";
				CLANG_CXX_LIBRARY = "libc++";
				CLANG_ENABLE_MODULES = YES;
				CLANG_ENABLE_OBJC_ARC = YES;
				CLANG_ENABLE_OBJC_WEAK = YES;
				CLANG_WARN_BLOCK_CAPTURE_AUTORELEASING = YES;
				CLANG_WARN_BOOL_CONVERSION = YES;
				CLANG_WARN_COMMA = YES;
				CLANG_WARN_CONSTANT_CONVERSION = YES;
				CLANG_WARN_DEPRECATED_OBJC_IMPLEMENTATIONS = YES;
				CLANG_WARN_DIRECT_OBJC_ISA_USAGE = YES_ERROR;
				CLANG_WARN_DOCUMENTATION_COMMENTS = YES;
				CLANG_WARN_EMPTY_BODY = YES;
				CLANG_WARN_ENUM_CONVERSION = YES;
				CLANG_WARN_INFINITE_RECURSION = YES;
				CLANG_WARN_INT_CONVERSION = YES;
				CLANG_WARN_NON_LITERAL_NULL_CONVERSION = YES;
				CLANG_WARN_OBJC_IMPLICIT_RETAIN_SELF = YES;
				CLANG_WARN_OBJC_LITERAL_CONVERSION = YES;
				CLANG_WARN_OBJC_ROOT_CLASS = YES_ERROR;
				CLANG_WARN_RANGE_LOOP_ANALYSIS = YES;
				CLANG_WARN_STRICT_PROTOTYPES = YES;
				CLANG_WARN_SUSPICIOUS_MOVE = YES;
				CLANG_WARN_UNGUARDED_AVAILABILITY = YES_AGGRESSIVE;
				CLANG_WARN_UNREACHABLE_CODE = YES;
				CLANG_WARN__DUPLICATE_METHOD_MATCH = YES;
				CODE_SIGN_IDENTITY = "Mac Developer";
				COPY_PHASE_STRIP = NO;
				DEBUG_INFORMATION_FORMAT = dwarf;
				ENABLE_STRICT_OBJC_MSGSEND = YES;
				ENABLE_TESTABILITY = YES;
				GCC_C_LANGUAGE_STANDARD = gnu11;
				GCC_DYNAMIC_NO_PIC = NO;
				GCC_NO_COMMON_BLOCKS = YES;
				GCC_OPTIMIZATION_LEVEL = 0;
				GCC_PREPROCESSOR_DEFINITIONS = (
					"DEBUG=1",
					"$(inherited)",
				);
				GCC_WARN_64_TO_32_BIT_CONVERSION = YES;
				GCC_WARN_ABOUT_RETURN_TYPE = YES_ERROR;
				GCC_WARN_UNDECLARED_SELECTOR = YES;
				GCC_WARN_UNINITIALIZED_AUTOS = YES_AGGRESSIVE;
				GCC_WARN_UNUSED_FUNCTION = YES;
				GCC_WARN_UNUSED_VARIABLE = YES;
				MACOSX_DEPLOYMENT_TARGET = 10.14;
				MTL_ENABLE_DEBUG_INFO = INCLUDE_SOURCE;
				MTL_FAST_MATH = YES;
				ONLY_ACTIVE_ARCH = YES;
				SDKROOT = macosx;
				SWIFT_ACTIVE_COMPILATION_CONDITIONS = DEBUG;
				SWIFT_INCLUDE_PATHS = "Modules/UVSGSerialData/ Modules/Yams/Sources/CYaml/include/ Modules/PowerPacker/";
				SWIFT_OPTIMIZATION_LEVEL = "-Onone";
				SWIFT_VERSION = 5.0;
			};
			name = Debug;
		};
		02A6FCC521A0AA8E00323C8F /* Release */ = {
			isa = XCBuildConfiguration;
			buildSettings = {
				ALWAYS_SEARCH_USER_PATHS = NO;
				CLANG_ANALYZER_NONNULL = YES;
				CLANG_ANALYZER_NUMBER_OBJECT_CONVERSION = YES_AGGRESSIVE;
				CLANG_CXX_LANGUAGE_STANDARD = "gnu++14";
				CLANG_CXX_LIBRARY = "libc++";
				CLANG_ENABLE_MODULES = YES;
				CLANG_ENABLE_OBJC_ARC = YES;
				CLANG_ENABLE_OBJC_WEAK = YES;
				CLANG_WARN_BLOCK_CAPTURE_AUTORELEASING = YES;
				CLANG_WARN_BOOL_CONVERSION = YES;
				CLANG_WARN_COMMA = YES;
				CLANG_WARN_CONSTANT_CONVERSION = YES;
				CLANG_WARN_DEPRECATED_OBJC_IMPLEMENTATIONS = YES;
				CLANG_WARN_DIRECT_OBJC_ISA_USAGE = YES_ERROR;
				CLANG_WARN_DOCUMENTATION_COMMENTS = YES;
				CLANG_WARN_EMPTY_BODY = YES;
				CLANG_WARN_ENUM_CONVERSION = YES;
				CLANG_WARN_INFINITE_RECURSION = YES;
				CLANG_WARN_INT_CONVERSION = YES;
				CLANG_WARN_NON_LITERAL_NULL_CONVERSION = YES;
				CLANG_WARN_OBJC_IMPLICIT_RETAIN_SELF = YES;
				CLANG_WARN_OBJC_LITERAL_CONVERSION = YES;
				CLANG_WARN_OBJC_ROOT_CLASS = YES_ERROR;
				CLANG_WARN_RANGE_LOOP_ANALYSIS = YES;
				CLANG_WARN_STRICT_PROTOTYPES = YES;
				CLANG_WARN_SUSPICIOUS_MOVE = YES;
				CLANG_WARN_UNGUARDED_AVAILABILITY = YES_AGGRESSIVE;
				CLANG_WARN_UNREACHABLE_CODE = YES;
				CLANG_WARN__DUPLICATE_METHOD_MATCH = YES;
				CODE_SIGN_IDENTITY = "Mac Developer";
				COPY_PHASE_STRIP = NO;
				DEBUG_INFORMATION_FORMAT = "dwarf-with-dsym";
				ENABLE_NS_ASSERTIONS = NO;
				ENABLE_STRICT_OBJC_MSGSEND = YES;
				GCC_C_LANGUAGE_STANDARD = gnu11;
				GCC_NO_COMMON_BLOCKS = YES;
				GCC_WARN_64_TO_32_BIT_CONVERSION = YES;
				GCC_WARN_ABOUT_RETURN_TYPE = YES_ERROR;
				GCC_WARN_UNDECLARED_SELECTOR = YES;
				GCC_WARN_UNINITIALIZED_AUTOS = YES_AGGRESSIVE;
				GCC_WARN_UNUSED_FUNCTION = YES;
				GCC_WARN_UNUSED_VARIABLE = YES;
				MACOSX_DEPLOYMENT_TARGET = 10.14;
				MTL_ENABLE_DEBUG_INFO = NO;
				MTL_FAST_MATH = YES;
				SDKROOT = macosx;
				SWIFT_COMPILATION_MODE = wholemodule;
				SWIFT_INCLUDE_PATHS = "Modules/UVSGSerialData/ Modules/Yams/Sources/CYaml/include/ Modules/PowerPacker/";
				SWIFT_OPTIMIZATION_LEVEL = "-O";
				SWIFT_VERSION = 5.0;
			};
			name = Release;
		};
		02A6FCDF21A0ABB900323C8F /* Debug */ = {
			isa = XCBuildConfiguration;
			buildSettings = {
				CLANG_ENABLE_MODULES = YES;
				CODE_SIGN_IDENTITY = "-";
				CODE_SIGN_STYLE = Automatic;
				DEVELOPMENT_TEAM = "";
				LD_RUNPATH_SEARCH_PATHS = (
					"$(inherited)",
					"@executable_path/../Frameworks",
					"@loader_path/../Frameworks",
				);
				PRODUCT_NAME = "$(TARGET_NAME)";
				PROVISIONING_PROFILE_SPECIFIER = "";
				SWIFT_ACTIVE_COMPILATION_CONDITIONS = "$(inherited) SWIFT_PACKAGE";
				SWIFT_OPTIMIZATION_LEVEL = "-Onone";
			};
			name = Debug;
		};
		02A6FCE021A0ABB900323C8F /* Release */ = {
			isa = XCBuildConfiguration;
			buildSettings = {
				CLANG_ENABLE_MODULES = YES;
				CODE_SIGN_IDENTITY = "-";
				CODE_SIGN_STYLE = Automatic;
				DEVELOPMENT_TEAM = "";
				LD_RUNPATH_SEARCH_PATHS = (
					"$(inherited)",
					"@executable_path/../Frameworks",
					"@loader_path/../Frameworks",
				);
				PRODUCT_NAME = "$(TARGET_NAME)";
				PROVISIONING_PROFILE_SPECIFIER = "";
				SWIFT_ACTIVE_COMPILATION_CONDITIONS = "$(inherited) SWIFT_PACKAGE";
			};
			name = Release;
		};
		02B1BCCF24DE63F400ACF1D7 /* Debug */ = {
			isa = XCBuildConfiguration;
			buildSettings = {
				CODE_SIGN_IDENTITY = "-";
				CODE_SIGN_STYLE = Automatic;
				COMBINE_HIDPI_IMAGES = YES;
				DEVELOPMENT_TEAM = 4TT9H7XWFJ;
				INFOPLIST_FILE = Tests/Info.plist;
				LD_RUNPATH_SEARCH_PATHS = (
					"$(inherited)",
					"@executable_path/../Frameworks",
					"@loader_path/../Frameworks",
				);
				MACOSX_DEPLOYMENT_TARGET = 10.15;
				PRODUCT_BUNDLE_IDENTIFIER = com.prevueguide.PackageTests;
				PRODUCT_NAME = "$(TARGET_NAME)";
				SWIFT_ACTIVE_COMPILATION_CONDITIONS = "$(inherited) SWIFT_PACKAGE";
				SWIFT_VERSION = 5.0;
			};
			name = Debug;
		};
		02B1BCD024DE63F400ACF1D7 /* Release */ = {
			isa = XCBuildConfiguration;
			buildSettings = {
				CODE_SIGN_STYLE = Automatic;
				COMBINE_HIDPI_IMAGES = YES;
				DEVELOPMENT_TEAM = 4TT9H7XWFJ;
				INFOPLIST_FILE = Tests/Info.plist;
				LD_RUNPATH_SEARCH_PATHS = (
					"$(inherited)",
					"@executable_path/../Frameworks",
					"@loader_path/../Frameworks",
				);
				MACOSX_DEPLOYMENT_TARGET = 10.15;
				PRODUCT_BUNDLE_IDENTIFIER = com.prevueguide.PackageTests;
				PRODUCT_NAME = "$(TARGET_NAME)";
				SWIFT_ACTIVE_COMPILATION_CONDITIONS = "$(inherited) SWIFT_PACKAGE";
				SWIFT_VERSION = 5.0;
			};
			name = Release;
		};
/* End XCBuildConfiguration section */

/* Begin XCConfigurationList section */
		02A6FCB321A0AA8D00323C8F /* Build configuration list for PBXProject "PrevuePackage" */ = {
			isa = XCConfigurationList;
			buildConfigurations = (
				02A6FCC421A0AA8E00323C8F /* Debug */,
				02A6FCC521A0AA8E00323C8F /* Release */,
			);
			defaultConfigurationIsVisible = 0;
			defaultConfigurationName = Release;
		};
		02A6FCDE21A0ABB900323C8F /* Build configuration list for PBXNativeTarget "PrevueCLI" */ = {
			isa = XCConfigurationList;
			buildConfigurations = (
				02A6FCDF21A0ABB900323C8F /* Debug */,
				02A6FCE021A0ABB900323C8F /* Release */,
			);
			defaultConfigurationIsVisible = 0;
			defaultConfigurationName = Release;
		};
		02B1BCD124DE63F400ACF1D7 /* Build configuration list for PBXNativeTarget "PackageTests" */ = {
			isa = XCConfigurationList;
			buildConfigurations = (
				02B1BCCF24DE63F400ACF1D7 /* Debug */,
				02B1BCD024DE63F400ACF1D7 /* Release */,
			);
			defaultConfigurationIsVisible = 0;
			defaultConfigurationName = Release;
		};
/* End XCConfigurationList section */
	};
	rootObject = 02A6FCB021A0AA8D00323C8F /* Project object */;
}
